// !$*UTF8*$!
{
	archiveVersion = 1;
	classes = {
	};
	objectVersion = 44;
	objects = {

/* Begin PBXBuildFile section */
		8D11072A0486CEB800E47090 /* MainMenu.nib in Resources */ = {isa = PBXBuildFile; fileRef = 29B97318FDCFA39411CA2CEA /* MainMenu.nib */; };
		8D11072B0486CEB800E47090 /* InfoPlist.strings in Resources */ = {isa = PBXBuildFile; fileRef = 089C165CFE840E0CC02AAC07 /* InfoPlist.strings */; };
		8D11072D0486CEB800E47090 /* main.m in Sources */ = {isa = PBXBuildFile; fileRef = 29B97316FDCFA39411CA2CEA /* main.m */; settings = {ATTRIBUTES = (); }; };
		8D11072F0486CEB800E47090 /* Cocoa.framework in Frameworks */ = {isa = PBXBuildFile; fileRef = 1058C7A1FEA54F0111CA2CBB /* Cocoa.framework */; };
		D401CE030D07ED7B00A2A4C1 /* TakaoPhonetic.m in Sources */ = {isa = PBXBuildFile; fileRef = D401CE020D07ED7B00A2A4C1 /* TakaoPhonetic.m */; };
		D401CE730D080F4F00A2A4C1 /* TakaoHelper.m in Sources */ = {isa = PBXBuildFile; fileRef = D401CE720D080F4F00A2A4C1 /* TakaoHelper.m */; };
		D401CE830D0811AC00A2A4C1 /* TakaoCangjie.m in Sources */ = {isa = PBXBuildFile; fileRef = D401CE820D0811AC00A2A4C1 /* TakaoCangjie.m */; };
		D401CED00D08168F00A2A4C1 /* TakaoSimplex.m in Sources */ = {isa = PBXBuildFile; fileRef = D401CECF0D08168F00A2A4C1 /* TakaoSimplex.m */; };
		D401CEDE0D08195A00A2A4C1 /* TakaoGlobal.m in Sources */ = {isa = PBXBuildFile; fileRef = D401CEDD0D08195A00A2A4C1 /* TakaoGlobal.m */; };
		D41800DB0D0BBDE00066E5C4 /* playSound.png in Resources */ = {isa = PBXBuildFile; fileRef = D41800DA0D0BBDE00066E5C4 /* playSound.png */; };
		D41800DD0D0BBDE90066E5C4 /* stopSound.png in Resources */ = {isa = PBXBuildFile; fileRef = D41800DC0D0BBDE90066E5C4 /* stopSound.png */; };
		D421DA640D0B1C1C00A87794 /* TakaoPhrases.m in Sources */ = {isa = PBXBuildFile; fileRef = D421DA630D0B1C1C00A87794 /* TakaoPhrases.m */; };
		D47BBA630D2BF6070085C559 /* TakaoUpdate.m in Sources */ = {isa = PBXBuildFile; fileRef = D47BBA620D2BF6070085C559 /* TakaoUpdate.m */; };
		D47BBA8C0D2C03670085C559 /* LFXMLExtension.m in Sources */ = {isa = PBXBuildFile; fileRef = D47BBA8B0D2C03670085C559 /* LFXMLExtension.m */; };
		D48AAFC30D28E97100CB2743 /* generic.tiff in Resources */ = {isa = PBXBuildFile; fileRef = D48AAFC20D28E97100CB2743 /* generic.tiff */; };
		D48AAFC50D28E97600CB2743 /* cangjei.tiff in Resources */ = {isa = PBXBuildFile; fileRef = D48AAFC40D28E97600CB2743 /* cangjei.tiff */; };
		D48AAFC70D28E97A00CB2743 /* simplex.tiff in Resources */ = {isa = PBXBuildFile; fileRef = D48AAFC60D28E97A00CB2743 /* simplex.tiff */; };
		D491AB500D0C69CB0066E9B7 /* TakaoIcon.icns in Resources */ = {isa = PBXBuildFile; fileRef = D491AB4F0D0C69CB0066E9B7 /* TakaoIcon.icns */; };
		D4B02FD30D244C6900CF7084 /* TakaoGeneric.m in Sources */ = {isa = PBXBuildFile; fileRef = D4B02FD20D244C6900CF7084 /* TakaoGeneric.m */; };
		D4B030010D24536100CF7084 /* TakaoGenericSettings.m in Sources */ = {isa = PBXBuildFile; fileRef = D4B030000D24536100CF7084 /* TakaoGenericSettings.m */; };
		D4B030140D2455CB00CF7084 /* TakaoGenericSettings.nib in Resources */ = {isa = PBXBuildFile; fileRef = D4B030130D2455CB00CF7084 /* TakaoGenericSettings.nib */; };
		D4BAAC390D5CEB6B00ACA0C5 /* TakaoSmartPhonetic.m in Sources */ = {isa = PBXBuildFile; fileRef = D4BAAC380D5CEB6B00ACA0C5 /* TakaoSmartPhonetic.m */; };
		D4F4390D0D06E0A500052463 /* phrase.tiff in Resources */ = {isa = PBXBuildFile; fileRef = D4F4390C0D06E0A500052463 /* phrase.tiff */; };
		D4F439110D06E32500052463 /* TakaoPreference_Toolbar.m in Sources */ = {isa = PBXBuildFile; fileRef = D4F439100D06E32500052463 /* TakaoPreference_Toolbar.m */; };
		D4F6769E0D06918500F04367 /* TakaoPreference.m in Sources */ = {isa = PBXBuildFile; fileRef = D4F6769D0D06918500F04367 /* TakaoPreference.m */; };
		D4F676CA0D069C0800F04367 /* update.tiff in Resources */ = {isa = PBXBuildFile; fileRef = D4F676C90D069C0800F04367 /* update.tiff */; };
		D4F676DC0D06C99900F04367 /* display.tiff in Resources */ = {isa = PBXBuildFile; fileRef = D4F676D70D06C99900F04367 /* display.tiff */; };
		D4F676DE0D06C99900F04367 /* update.tiff in Resources */ = {isa = PBXBuildFile; fileRef = D4F676D90D06C99900F04367 /* update.tiff */; };
		D4F676DF0D06C99900F04367 /* phonetic.tif in Resources */ = {isa = PBXBuildFile; fileRef = D4F676DA0D06C99900F04367 /* phonetic.tif */; };
		D4FBA88A0D0722BF007B269D /* TakaoWindow.m in Sources */ = {isa = PBXBuildFile; fileRef = D4FBA8890D0722BF007B269D /* TakaoWindow.m */; };
		D4FBA94C0D07377D007B269D /* Localizable.strings in Resources */ = {isa = PBXBuildFile; fileRef = D4FBA94A0D07377D007B269D /* Localizable.strings */; };
/* End PBXBuildFile section */

/* Begin PBXFileReference section */
		089C165DFE840E0CC02AAC07 /* English */ = {isa = PBXFileReference; fileEncoding = 10; lastKnownFileType = text.plist.strings; name = English; path = English.lproj/InfoPlist.strings; sourceTree = "<group>"; };
		1058C7A1FEA54F0111CA2CBB /* Cocoa.framework */ = {isa = PBXFileReference; lastKnownFileType = wrapper.framework; name = Cocoa.framework; path = /System/Library/Frameworks/Cocoa.framework; sourceTree = "<absolute>"; };
		13E42FB307B3F0F600E4EEF1 /* CoreData.framework */ = {isa = PBXFileReference; lastKnownFileType = wrapper.framework; name = CoreData.framework; path = /System/Library/Frameworks/CoreData.framework; sourceTree = "<absolute>"; };
		29B97316FDCFA39411CA2CEA /* main.m */ = {isa = PBXFileReference; fileEncoding = 4; lastKnownFileType = sourcecode.c.objc; path = main.m; sourceTree = "<group>"; };
		29B97319FDCFA39411CA2CEA /* English */ = {isa = PBXFileReference; lastKnownFileType = wrapper.nib; name = English; path = English.lproj/MainMenu.nib; sourceTree = "<group>"; };
		29B97324FDCFA39411CA2CEA /* AppKit.framework */ = {isa = PBXFileReference; lastKnownFileType = wrapper.framework; name = AppKit.framework; path = /System/Library/Frameworks/AppKit.framework; sourceTree = "<absolute>"; };
		29B97325FDCFA39411CA2CEA /* Foundation.framework */ = {isa = PBXFileReference; lastKnownFileType = wrapper.framework; name = Foundation.framework; path = /System/Library/Frameworks/Foundation.framework; sourceTree = "<absolute>"; };
		32CA4F630368D1EE00C91783 /* TakaoPreference_Prefix.pch */ = {isa = PBXFileReference; fileEncoding = 4; lastKnownFileType = sourcecode.c.h; path = TakaoPreference_Prefix.pch; sourceTree = "<group>"; };
		8D1107310486CEB800E47090 /* Info.plist */ = {isa = PBXFileReference; fileEncoding = 4; lastKnownFileType = text.xml; path = Info.plist; sourceTree = "<group>"; };
		8D1107320486CEB800E47090 /* Yahoo! KeyKey Preferences.app */ = {isa = PBXFileReference; explicitFileType = wrapper.application; includeInIndex = 0; path = "Yahoo! KeyKey Preferences.app"; sourceTree = BUILT_PRODUCTS_DIR; };
		D401CE010D07ED7B00A2A4C1 /* TakaoPhonetic.h */ = {isa = PBXFileReference; fileEncoding = 4; lastKnownFileType = sourcecode.c.h; path = TakaoPhonetic.h; sourceTree = "<group>"; };
		D401CE020D07ED7B00A2A4C1 /* TakaoPhonetic.m */ = {isa = PBXFileReference; fileEncoding = 4; lastKnownFileType = sourcecode.c.objc; path = TakaoPhonetic.m; sourceTree = "<group>"; wrapsLines = 1; };
		D401CE710D080F4F00A2A4C1 /* TakaoHelper.h */ = {isa = PBXFileReference; fileEncoding = 4; lastKnownFileType = sourcecode.c.h; path = TakaoHelper.h; sourceTree = "<group>"; };
		D401CE720D080F4F00A2A4C1 /* TakaoHelper.m */ = {isa = PBXFileReference; fileEncoding = 4; lastKnownFileType = sourcecode.c.objc; path = TakaoHelper.m; sourceTree = "<group>"; };
		D401CE810D0811AC00A2A4C1 /* TakaoCangjie.h */ = {isa = PBXFileReference; fileEncoding = 4; lastKnownFileType = sourcecode.c.h; path = TakaoCangjie.h; sourceTree = "<group>"; };
		D401CE820D0811AC00A2A4C1 /* TakaoCangjie.m */ = {isa = PBXFileReference; fileEncoding = 4; lastKnownFileType = sourcecode.c.objc; path = TakaoCangjie.m; sourceTree = "<group>"; wrapsLines = 1; };
		D401CECE0D08168F00A2A4C1 /* TakaoSimplex.h */ = {isa = PBXFileReference; fileEncoding = 4; lastKnownFileType = sourcecode.c.h; path = TakaoSimplex.h; sourceTree = "<group>"; };
		D401CECF0D08168F00A2A4C1 /* TakaoSimplex.m */ = {isa = PBXFileReference; fileEncoding = 4; lastKnownFileType = sourcecode.c.objc; path = TakaoSimplex.m; sourceTree = "<group>"; };
		D401CEDC0D08195A00A2A4C1 /* TakaoGlobal.h */ = {isa = PBXFileReference; fileEncoding = 4; lastKnownFileType = sourcecode.c.h; path = TakaoGlobal.h; sourceTree = "<group>"; };
		D401CEDD0D08195A00A2A4C1 /* TakaoGlobal.m */ = {isa = PBXFileReference; fileEncoding = 4; lastKnownFileType = sourcecode.c.objc; path = TakaoGlobal.m; sourceTree = "<group>"; wrapsLines = 1; };
		D41800DA0D0BBDE00066E5C4 /* playSound.png */ = {isa = PBXFileReference; lastKnownFileType = image.png; name = playSound.png; path = Images/playSound.png; sourceTree = "<group>"; };
		D41800DC0D0BBDE90066E5C4 /* stopSound.png */ = {isa = PBXFileReference; lastKnownFileType = image.png; name = stopSound.png; path = Images/stopSound.png; sourceTree = "<group>"; };
		D421DA620D0B1C1C00A87794 /* TakaoPhrases.h */ = {isa = PBXFileReference; fileEncoding = 4; lastKnownFileType = sourcecode.c.h; path = TakaoPhrases.h; sourceTree = "<group>"; };
		D421DA630D0B1C1C00A87794 /* TakaoPhrases.m */ = {isa = PBXFileReference; fileEncoding = 4; lastKnownFileType = sourcecode.c.objc; path = TakaoPhrases.m; sourceTree = "<group>"; };
		D421DAE30D0B299600A87794 /* TakaoSettings.h */ = {isa = PBXFileReference; fileEncoding = 4; lastKnownFileType = sourcecode.c.h; path = TakaoSettings.h; sourceTree = "<group>"; };
		D47BBA610D2BF6070085C559 /* TakaoUpdate.h */ = {isa = PBXFileReference; fileEncoding = 4; lastKnownFileType = sourcecode.c.h; path = TakaoUpdate.h; sourceTree = "<group>"; };
		D47BBA620D2BF6070085C559 /* TakaoUpdate.m */ = {isa = PBXFileReference; fileEncoding = 4; lastKnownFileType = sourcecode.c.objc; path = TakaoUpdate.m; sourceTree = "<group>"; };
		D47BBA8A0D2C03670085C559 /* LFXMLExtension.h */ = {isa = PBXFileReference; fileEncoding = 4; lastKnownFileType = sourcecode.c.h; path = LFXMLExtension.h; sourceTree = "<group>"; };
		D47BBA8B0D2C03670085C559 /* LFXMLExtension.m */ = {isa = PBXFileReference; fileEncoding = 4; lastKnownFileType = sourcecode.c.objc; path = LFXMLExtension.m; sourceTree = "<group>"; };
		D48AAFC20D28E97100CB2743 /* generic.tiff */ = {isa = PBXFileReference; lastKnownFileType = image.tiff; name = generic.tiff; path = Images/generic.tiff; sourceTree = "<group>"; };
		D48AAFC40D28E97600CB2743 /* cangjei.tiff */ = {isa = PBXFileReference; lastKnownFileType = image.tiff; name = cangjei.tiff; path = Images/cangjei.tiff; sourceTree = "<group>"; };
		D48AAFC60D28E97A00CB2743 /* simplex.tiff */ = {isa = PBXFileReference; lastKnownFileType = image.tiff; name = simplex.tiff; path = Images/simplex.tiff; sourceTree = "<group>"; };
		D491AB4F0D0C69CB0066E9B7 /* TakaoIcon.icns */ = {isa = PBXFileReference; lastKnownFileType = image.icns; path = TakaoIcon.icns; sourceTree = "<group>"; };
		D4B02FD10D244C6900CF7084 /* TakaoGeneric.h */ = {isa = PBXFileReference; fileEncoding = 4; lastKnownFileType = sourcecode.c.h; path = TakaoGeneric.h; sourceTree = "<group>"; };
		D4B02FD20D244C6900CF7084 /* TakaoGeneric.m */ = {isa = PBXFileReference; fileEncoding = 4; lastKnownFileType = sourcecode.c.objc; path = TakaoGeneric.m; sourceTree = "<group>"; };
		D4B02FFF0D24536100CF7084 /* TakaoGenericSettings.h */ = {isa = PBXFileReference; fileEncoding = 4; lastKnownFileType = sourcecode.c.h; path = TakaoGenericSettings.h; sourceTree = "<group>"; };
		D4B030000D24536100CF7084 /* TakaoGenericSettings.m */ = {isa = PBXFileReference; fileEncoding = 4; lastKnownFileType = sourcecode.c.objc; path = TakaoGenericSettings.m; sourceTree = "<group>"; };
		D4B030110D2455C400CF7084 /* English */ = {isa = PBXFileReference; lastKnownFileType = wrapper.nib; name = English; path = English.lproj/TakaoGenericSettings.nib; sourceTree = "<group>"; };
		D4BAAC370D5CEB6B00ACA0C5 /* TakaoSmartPhonetic.h */ = {isa = PBXFileReference; fileEncoding = 4; lastKnownFileType = sourcecode.c.h; path = TakaoSmartPhonetic.h; sourceTree = "<group>"; };
		D4BAAC380D5CEB6B00ACA0C5 /* TakaoSmartPhonetic.m */ = {isa = PBXFileReference; fileEncoding = 4; lastKnownFileType = sourcecode.c.objc; path = TakaoSmartPhonetic.m; sourceTree = "<group>"; };
		D4F4390C0D06E0A500052463 /* phrase.tiff */ = {isa = PBXFileReference; lastKnownFileType = image.tiff; name = phrase.tiff; path = Images/phrase.tiff; sourceTree = "<group>"; };
		D4F439100D06E32500052463 /* TakaoPreference_Toolbar.m */ = {isa = PBXFileReference; fileEncoding = 4; lastKnownFileType = sourcecode.c.objc; path = TakaoPreference_Toolbar.m; sourceTree = "<group>"; };
		D4F6769C0D06918500F04367 /* TakaoPreference.h */ = {isa = PBXFileReference; fileEncoding = 4; lastKnownFileType = sourcecode.c.h; path = TakaoPreference.h; sourceTree = "<group>"; };
		D4F6769D0D06918500F04367 /* TakaoPreference.m */ = {isa = PBXFileReference; fileEncoding = 4; lastKnownFileType = sourcecode.c.objc; path = TakaoPreference.m; sourceTree = "<group>"; };
		D4F676C90D069C0800F04367 /* update.tiff */ = {isa = PBXFileReference; lastKnownFileType = image.tiff; name = update.tiff; path = Images/update.tiff; sourceTree = "<group>"; };
		D4F676D70D06C99900F04367 /* display.tiff */ = {isa = PBXFileReference; lastKnownFileType = image.tiff; name = display.tiff; path = Images/display.tiff; sourceTree = "<group>"; };
		D4F676D90D06C99900F04367 /* update.tiff */ = {isa = PBXFileReference; lastKnownFileType = image.tiff; name = update.tiff; path = Images/update.tiff; sourceTree = "<group>"; };
		D4F676DA0D06C99900F04367 /* phonetic.tif */ = {isa = PBXFileReference; lastKnownFileType = image.tiff; name = phonetic.tif; path = Images/phonetic.tif; sourceTree = "<group>"; };
		D4FBA8880D0722BF007B269D /* TakaoWindow.h */ = {isa = PBXFileReference; fileEncoding = 4; lastKnownFileType = sourcecode.c.h; path = TakaoWindow.h; sourceTree = "<group>"; };
		D4FBA8890D0722BF007B269D /* TakaoWindow.m */ = {isa = PBXFileReference; fileEncoding = 4; lastKnownFileType = sourcecode.c.objc; path = TakaoWindow.m; sourceTree = "<group>"; };
		D4FBA94B0D07377D007B269D /* English */ = {isa = PBXFileReference; fileEncoding = 4; lastKnownFileType = text.plist.strings; name = English; path = English.lproj/Localizable.strings; sourceTree = "<group>"; };
		D4FBA9550D0737BB007B269D /* zh_TW */ = {isa = PBXFileReference; lastKnownFileType = text.plist.strings; name = zh_TW; path = zh_TW.lproj/Localizable.strings; sourceTree = "<group>"; };
		D4FBA96C0D073932007B269D /* zh_CN */ = {isa = PBXFileReference; lastKnownFileType = text.plist.strings; name = zh_CN; path = zh_CN.lproj/Localizable.strings; sourceTree = "<group>"; };
		D4FBA9700D073AA6007B269D /* zh_TW */ = {isa = PBXFileReference; lastKnownFileType = text.plist.strings; name = zh_TW; path = zh_TW.lproj/InfoPlist.strings; sourceTree = "<group>"; };
		D4FBA9710D073AAA007B269D /* zh_CN */ = {isa = PBXFileReference; lastKnownFileType = text.plist.strings; name = zh_CN; path = zh_CN.lproj/InfoPlist.strings; sourceTree = "<group>"; };
/* End PBXFileReference section */

/* Begin PBXFrameworksBuildPhase section */
		8D11072E0486CEB800E47090 /* Frameworks */ = {
			isa = PBXFrameworksBuildPhase;
			buildActionMask = 2147483647;
			files = (
				8D11072F0486CEB800E47090 /* Cocoa.framework in Frameworks */,
			);
			runOnlyForDeploymentPostprocessing = 0;
		};
/* End PBXFrameworksBuildPhase section */

/* Begin PBXGroup section */
		080E96DDFE201D6D7F000001 /* Classes */ = {
			isa = PBXGroup;
			children = (
				D47BBA8D0D2C036B0085C559 /* User Interface */,
				D47BBA660D2BF62C0085C559 /* Controllers */,
				D47BBA650D2BF6170085C559 /* Basic */,
				D421DAE30D0B299600A87794 /* TakaoSettings.h */,
				D47BBA8A0D2C03670085C559 /* LFXMLExtension.h */,
				D47BBA8B0D2C03670085C559 /* LFXMLExtension.m */,
			);
			name = Classes;
			sourceTree = "<group>";
		};
		1058C7A0FEA54F0111CA2CBB /* Linked Frameworks */ = {
			isa = PBXGroup;
			children = (
				1058C7A1FEA54F0111CA2CBB /* Cocoa.framework */,
			);
			name = "Linked Frameworks";
			sourceTree = "<group>";
		};
		1058C7A2FEA54F0111CA2CBB /* Other Frameworks */ = {
			isa = PBXGroup;
			children = (
				29B97324FDCFA39411CA2CEA /* AppKit.framework */,
				13E42FB307B3F0F600E4EEF1 /* CoreData.framework */,
				29B97325FDCFA39411CA2CEA /* Foundation.framework */,
			);
			name = "Other Frameworks";
			sourceTree = "<group>";
		};
		19C28FACFE9D520D11CA2CBB /* Products */ = {
			isa = PBXGroup;
			children = (
				8D1107320486CEB800E47090 /* Yahoo! KeyKey Preferences.app */,
			);
			name = Products;
			sourceTree = "<group>";
		};
		29B97314FDCFA39411CA2CEA /* TakaoPreference */ = {
			isa = PBXGroup;
			children = (
				080E96DDFE201D6D7F000001 /* Classes */,
				29B97315FDCFA39411CA2CEA /* Other Sources */,
				29B97317FDCFA39411CA2CEA /* Resources */,
				29B97323FDCFA39411CA2CEA /* Frameworks */,
				19C28FACFE9D520D11CA2CBB /* Products */,
			);
			name = TakaoPreference;
			sourceTree = "<group>";
		};
		29B97315FDCFA39411CA2CEA /* Other Sources */ = {
			isa = PBXGroup;
			children = (
				32CA4F630368D1EE00C91783 /* TakaoPreference_Prefix.pch */,
				29B97316FDCFA39411CA2CEA /* main.m */,
			);
			name = "Other Sources";
			sourceTree = "<group>";
		};
		29B97317FDCFA39411CA2CEA /* Resources */ = {
			isa = PBXGroup;
			children = (
				D48AAFC90D28E98200CB2743 /* Toolbar Images */,
				D491AB4F0D0C69CB0066E9B7 /* TakaoIcon.icns */,
				D41800DA0D0BBDE00066E5C4 /* playSound.png */,
				D41800DC0D0BBDE90066E5C4 /* stopSound.png */,
				D4FBA94A0D07377D007B269D /* Localizable.strings */,
				8D1107310486CEB800E47090 /* Info.plist */,
				089C165CFE840E0CC02AAC07 /* InfoPlist.strings */,
				29B97318FDCFA39411CA2CEA /* MainMenu.nib */,
				D4B030130D2455CB00CF7084 /* TakaoGenericSettings.nib */,
			);
			name = Resources;
			sourceTree = "<group>";
		};
		29B97323FDCFA39411CA2CEA /* Frameworks */ = {
			isa = PBXGroup;
			children = (
				1058C7A0FEA54F0111CA2CBB /* Linked Frameworks */,
				1058C7A2FEA54F0111CA2CBB /* Other Frameworks */,
			);
			name = Frameworks;
			sourceTree = "<group>";
		};
		D47BBA650D2BF6170085C559 /* Basic */ = {
			isa = PBXGroup;
			children = (
				D401CE710D080F4F00A2A4C1 /* TakaoHelper.h */,
				D401CE720D080F4F00A2A4C1 /* TakaoHelper.m */,
				D4F6769C0D06918500F04367 /* TakaoPreference.h */,
				D4F6769D0D06918500F04367 /* TakaoPreference.m */,
				D4F439100D06E32500052463 /* TakaoPreference_Toolbar.m */,
			);
			name = Basic;
			sourceTree = "<group>";
		};
		D47BBA660D2BF62C0085C559 /* Controllers */ = {
			isa = PBXGroup;
			children = (
				D4BAAC370D5CEB6B00ACA0C5 /* TakaoSmartPhonetic.h */,
				D4BAAC380D5CEB6B00ACA0C5 /* TakaoSmartPhonetic.m */,
				D47BBA610D2BF6070085C559 /* TakaoUpdate.h */,
				D47BBA620D2BF6070085C559 /* TakaoUpdate.m */,
				D401CEDC0D08195A00A2A4C1 /* TakaoGlobal.h */,
				D401CEDD0D08195A00A2A4C1 /* TakaoGlobal.m */,
				D401CE010D07ED7B00A2A4C1 /* TakaoPhonetic.h */,
				D401CE020D07ED7B00A2A4C1 /* TakaoPhonetic.m */,
				D401CE810D0811AC00A2A4C1 /* TakaoCangjie.h */,
				D401CE820D0811AC00A2A4C1 /* TakaoCangjie.m */,
				D401CECE0D08168F00A2A4C1 /* TakaoSimplex.h */,
				D401CECF0D08168F00A2A4C1 /* TakaoSimplex.m */,
				D421DA620D0B1C1C00A87794 /* TakaoPhrases.h */,
				D421DA630D0B1C1C00A87794 /* TakaoPhrases.m */,
				D4B02FD10D244C6900CF7084 /* TakaoGeneric.h */,
				D4B02FD20D244C6900CF7084 /* TakaoGeneric.m */,
				D4B02FFF0D24536100CF7084 /* TakaoGenericSettings.h */,
				D4B030000D24536100CF7084 /* TakaoGenericSettings.m */,
			);
			name = Controllers;
			sourceTree = "<group>";
		};
		D47BBA8D0D2C036B0085C559 /* User Interface */ = {
			isa = PBXGroup;
			children = (
				D4FBA8880D0722BF007B269D /* TakaoWindow.h */,
				D4FBA8890D0722BF007B269D /* TakaoWindow.m */,
			);
			name = "User Interface";
			sourceTree = "<group>";
		};
		D48AAFC90D28E98200CB2743 /* Toolbar Images */ = {
			isa = PBXGroup;
			children = (
				D48AAFC60D28E97A00CB2743 /* simplex.tiff */,
				D48AAFC40D28E97600CB2743 /* cangjei.tiff */,
				D48AAFC20D28E97100CB2743 /* generic.tiff */,
				D4F4390C0D06E0A500052463 /* phrase.tiff */,
				D4F676D70D06C99900F04367 /* display.tiff */,
				D4F676D90D06C99900F04367 /* update.tiff */,
				D4F676DA0D06C99900F04367 /* phonetic.tif */,
				D4F676C90D069C0800F04367 /* update.tiff */,
			);
			name = "Toolbar Images";
			sourceTree = "<group>";
		};
/* End PBXGroup section */

/* Begin PBXNativeTarget section */
		8D1107260486CEB800E47090 /* TakaoPreference */ = {
			isa = PBXNativeTarget;
			buildConfigurationList = C01FCF4A08A954540054247B /* Build configuration list for PBXNativeTarget "TakaoPreference" */;
			buildPhases = (
				8D1107290486CEB800E47090 /* Resources */,
				8D11072C0486CEB800E47090 /* Sources */,
				8D11072E0486CEB800E47090 /* Frameworks */,
			);
			buildRules = (
			);
			dependencies = (
			);
			name = TakaoPreference;
			productInstallPath = "$(HOME)/Applications";
			productName = TakaoPreference;
			productReference = 8D1107320486CEB800E47090 /* Yahoo! KeyKey Preferences.app */;
			productType = "com.apple.product-type.application";
		};
/* End PBXNativeTarget section */

/* Begin PBXProject section */
		29B97313FDCFA39411CA2CEA /* Project object */ = {
			isa = PBXProject;
			buildConfigurationList = C01FCF4E08A954540054247B /* Build configuration list for PBXProject "TakaoPreference" */;
			compatibilityVersion = "Xcode 3.0";
			hasScannedForEncodings = 1;
			knownRegions = (
				English,
				Japanese,
				French,
				German,
				zh_TW,
				zh_CN,
			);
			mainGroup = 29B97314FDCFA39411CA2CEA /* TakaoPreference */;
			projectDirPath = "";
			projectRoot = "";
			targets = (
				8D1107260486CEB800E47090 /* TakaoPreference */,
			);
		};
/* End PBXProject section */

/* Begin PBXResourcesBuildPhase section */
		8D1107290486CEB800E47090 /* Resources */ = {
			isa = PBXResourcesBuildPhase;
			buildActionMask = 2147483647;
			files = (
				8D11072A0486CEB800E47090 /* MainMenu.nib in Resources */,
				8D11072B0486CEB800E47090 /* InfoPlist.strings in Resources */,
				D4F676CA0D069C0800F04367 /* update.tiff in Resources */,
				D4F676DC0D06C99900F04367 /* display.tiff in Resources */,
				D4F676DE0D06C99900F04367 /* update.tiff in Resources */,
				D4F676DF0D06C99900F04367 /* phonetic.tif in Resources */,
				D4F4390D0D06E0A500052463 /* phrase.tiff in Resources */,
				D4FBA94C0D07377D007B269D /* Localizable.strings in Resources */,
				D41800DB0D0BBDE00066E5C4 /* playSound.png in Resources */,
				D41800DD0D0BBDE90066E5C4 /* stopSound.png in Resources */,
				D491AB500D0C69CB0066E9B7 /* TakaoIcon.icns in Resources */,
				D4B030140D2455CB00CF7084 /* TakaoGenericSettings.nib in Resources */,
				D48AAFC30D28E97100CB2743 /* generic.tiff in Resources */,
				D48AAFC50D28E97600CB2743 /* cangjei.tiff in Resources */,
				D48AAFC70D28E97A00CB2743 /* simplex.tiff in Resources */,
			);
			runOnlyForDeploymentPostprocessing = 0;
		};
/* End PBXResourcesBuildPhase section */

/* Begin PBXSourcesBuildPhase section */
		8D11072C0486CEB800E47090 /* Sources */ = {
			isa = PBXSourcesBuildPhase;
			buildActionMask = 2147483647;
			files = (
				8D11072D0486CEB800E47090 /* main.m in Sources */,
				D4F6769E0D06918500F04367 /* TakaoPreference.m in Sources */,
				D4F439110D06E32500052463 /* TakaoPreference_Toolbar.m in Sources */,
				D4FBA88A0D0722BF007B269D /* TakaoWindow.m in Sources */,
				D401CE030D07ED7B00A2A4C1 /* TakaoPhonetic.m in Sources */,
				D401CE730D080F4F00A2A4C1 /* TakaoHelper.m in Sources */,
				D401CE830D0811AC00A2A4C1 /* TakaoCangjie.m in Sources */,
				D401CED00D08168F00A2A4C1 /* TakaoSimplex.m in Sources */,
				D401CEDE0D08195A00A2A4C1 /* TakaoGlobal.m in Sources */,
				D421DA640D0B1C1C00A87794 /* TakaoPhrases.m in Sources */,
				D4B02FD30D244C6900CF7084 /* TakaoGeneric.m in Sources */,
				D4B030010D24536100CF7084 /* TakaoGenericSettings.m in Sources */,
				D47BBA630D2BF6070085C559 /* TakaoUpdate.m in Sources */,
				D47BBA8C0D2C03670085C559 /* LFXMLExtension.m in Sources */,
				D4BAAC390D5CEB6B00ACA0C5 /* TakaoSmartPhonetic.m in Sources */,
			);
			runOnlyForDeploymentPostprocessing = 0;
		};
/* End PBXSourcesBuildPhase section */

/* Begin PBXVariantGroup section */
		089C165CFE840E0CC02AAC07 /* InfoPlist.strings */ = {
			isa = PBXVariantGroup;
			children = (
				089C165DFE840E0CC02AAC07 /* English */,
				D4FBA9700D073AA6007B269D /* zh_TW */,
				D4FBA9710D073AAA007B269D /* zh_CN */,
			);
			name = InfoPlist.strings;
			sourceTree = "<group>";
		};
		29B97318FDCFA39411CA2CEA /* MainMenu.nib */ = {
			isa = PBXVariantGroup;
			children = (
				29B97319FDCFA39411CA2CEA /* English */,
			);
			name = MainMenu.nib;
			sourceTree = "<group>";
		};
		D4B030130D2455CB00CF7084 /* TakaoGenericSettings.nib */ = {
			isa = PBXVariantGroup;
			children = (
				D4B030110D2455C400CF7084 /* English */,
			);
			name = TakaoGenericSettings.nib;
			sourceTree = "<group>";
		};
		D4FBA94A0D07377D007B269D /* Localizable.strings */ = {
			isa = PBXVariantGroup;
			children = (
				D4FBA94B0D07377D007B269D /* English */,
				D4FBA9550D0737BB007B269D /* zh_TW */,
				D4FBA96C0D073932007B269D /* zh_CN */,
			);
			name = Localizable.strings;
			sourceTree = "<group>";
		};
/* End PBXVariantGroup section */

/* Begin XCBuildConfiguration section */
		C01FCF4B08A954540054247B /* Debug */ = {
			isa = XCBuildConfiguration;
			buildSettings = {
				COPY_PHASE_STRIP = NO;
				GCC_DYNAMIC_NO_PIC = NO;
				GCC_ENABLE_FIX_AND_CONTINUE = YES;
				GCC_MODEL_TUNING = G5;
				GCC_OPTIMIZATION_LEVEL = 0;
				GCC_PRECOMPILE_PREFIX_HEADER = YES;
				GCC_PREFIX_HEADER = TakaoPreference_Prefix.pch;
				INFOPLIST_FILE = Info.plist;
				INSTALL_PATH = "$(HOME)/Applications";
				PRODUCT_NAME = "Yahoo! KeyKey Preferences";
				WRAPPER_EXTENSION = app;
				ZERO_LINK = YES;
			};
			name = Debug;
		};
		C01FCF4C08A954540054247B /* Release */ = {
			isa = XCBuildConfiguration;
			buildSettings = {
				DEBUG_INFORMATION_FORMAT = "dwarf-with-dsym";
				GCC_MODEL_TUNING = G5;
				GCC_PRECOMPILE_PREFIX_HEADER = YES;
				GCC_PREFIX_HEADER = TakaoPreference_Prefix.pch;
				INFOPLIST_FILE = Info.plist;
				INSTALL_PATH = "$(HOME)/Applications";
				PRODUCT_NAME = "Yahoo! KeyKey Preferences";
				WRAPPER_EXTENSION = app;
			};
			name = Release;
		};
		C01FCF4F08A954540054247B /* Debug */ = {
			isa = XCBuildConfiguration;
			buildSettings = {
				GCC_WARN_ABOUT_RETURN_TYPE = YES;
				GCC_WARN_UNUSED_VARIABLE = YES;
				PREBINDING = NO;
				SDKROOT = "$(DEVELOPER_SDK_DIR)/MacOSX10.5.sdk";
			};
			name = Debug;
		};
		C01FCF5008A954540054247B /* Release */ = {
			isa = XCBuildConfiguration;
			buildSettings = {
				ARCHS = (
					ppc,
					i386,
				);
				GCC_WARN_ABOUT_RETURN_TYPE = YES;
				GCC_WARN_UNUSED_VARIABLE = YES;
				PREBINDING = NO;
				SDKROOT = "$(DEVELOPER_SDK_DIR)/MacOSX10.5.sdk";
			};
			name = Release;
		};
/* End XCBuildConfiguration section */

/* Begin XCConfigurationList section */
		C01FCF4A08A954540054247B /* Build configuration list for PBXNativeTarget "TakaoPreference" */ = {
			isa = XCConfigurationList;
			buildConfigurations = (
				C01FCF4B08A954540054247B /* Debug */,
				C01FCF4C08A954540054247B /* Release */,
			);
			defaultConfigurationIsVisible = 0;
			defaultConfigurationName = Release;
		};
		C01FCF4E08A954540054247B /* Build configuration list for PBXProject "TakaoPreference" */ = {
			isa = XCConfigurationList;
			buildConfigurations = (
				C01FCF4F08A954540054247B /* Debug */,
				C01FCF5008A954540054247B /* Release */,
			);
			defaultConfigurationIsVisible = 0;
			defaultConfigurationName = Release;
		};
/* End XCConfigurationList section */
	};
	rootObject = 29B97313FDCFA39411CA2CEA /* Project object */;
}
