// !$*UTF8*$!
{
	archiveVersion = 1;
	classes = {
	};
	objectVersion = 45;
	objects = {

/* Begin PBXBuildFile section */
		6AE06ACE0D8A1D4A00941AF6 /* OVOFEscape.cpp in Sources */ = {isa = PBXBuildFile; fileRef = 6AE06ACA0D8A1D4A00941AF6 /* OVOFEscape.cpp */; };
		6AE06ACF0D8A1D4A00941AF6 /* PackageMain.cpp in Sources */ = {isa = PBXBuildFile; fileRef = 6AE06ACD0D8A1D4A00941AF6 /* PackageMain.cpp */; };
		6AE06B570D8A1FCD00941AF6 /* libOpenVanilla.a in Frameworks */ = {isa = PBXBuildFile; fileRef = 6AE06AFF0D8A1E9100941AF6 /* libOpenVanilla.a */; };
		D49BD51D0E89129100850548 /* YKAFWordCount.cpp in Sources */ = {isa = PBXBuildFile; fileRef = D49BD5140E89125A00850548 /* YKAFWordCount.cpp */; };
		D49BD51E0E89129E00850548 /* PackageMain.cpp in Sources */ = {isa = PBXBuildFile; fileRef = D49BD5130E89125A00850548 /* PackageMain.cpp */; };
		D49BD5300E89132000850548 /* libOpenVanilla.a in Frameworks */ = {isa = PBXBuildFile; fileRef = 6AE06AFF0D8A1E9100941AF6 /* libOpenVanilla.a */; };
/* End PBXBuildFile section */

/* Begin PBXContainerItemProxy section */
		6A67C1790DC47006007349E9 /* PBXContainerItemProxy */ = {
			isa = PBXContainerItemProxy;
			containerPortal = 6AE06AE80D8A1E9100941AF6 /* Takao.xcodeproj */;
			proxyType = 2;
			remoteGlobalIDString = 6ABC3E8D0DBF625C00146A8B;
			remoteInfo = PhraseTool;
		};
		6ABC3E7A0DBF615C00146A8B /* PBXContainerItemProxy */ = {
			isa = PBXContainerItemProxy;
			containerPortal = 6AE06AE80D8A1E9100941AF6 /* Takao.xcodeproj */;
			proxyType = 2;
			remoteGlobalIDString = 6AF261400D9F969E00F499FB;
			remoteInfo = "Takao (TSM Component)";
		};
		6ABC3E7C0DBF615C00146A8B /* PBXContainerItemProxy */ = {
			isa = PBXContainerItemProxy;
			containerPortal = 6AE06AE80D8A1E9100941AF6 /* Takao.xcodeproj */;
			proxyType = 2;
			remoteGlobalIDString = 6A83663A0DA27DC100848277;
			remoteInfo = "DownloadUpdate (OSX-TSM)";
		};
		6ABC3E7E0DBF615C00146A8B /* PBXContainerItemProxy */ = {
			isa = PBXContainerItemProxy;
			containerPortal = 6AE06AE80D8A1E9100941AF6 /* Takao.xcodeproj */;
			proxyType = 2;
			remoteGlobalIDString = 6A83664C0DA27DD100848277;
			remoteInfo = "CustomerCare (OSX-TSM)";
		};
		6ABC3E800DBF615C00146A8B /* PBXContainerItemProxy */ = {
			isa = PBXContainerItemProxy;
			containerPortal = 6AE06AE80D8A1E9100941AF6 /* Takao.xcodeproj */;
			proxyType = 2;
			remoteGlobalIDString = D46B36460DA94EBC007A738E;
			remoteInfo = InstallerUI;
		};
		6AE06AFC0D8A1E9100941AF6 /* PBXContainerItemProxy */ = {
			isa = PBXContainerItemProxy;
			containerPortal = 6AE06AE80D8A1E9100941AF6 /* Takao.xcodeproj */;
			proxyType = 2;
			remoteGlobalIDString = 6A476EE70D5C48CE00C6C744;
			remoteInfo = "OpenVanilla (Framework)";
		};
		6AE06AFE0D8A1E9100941AF6 /* PBXContainerItemProxy */ = {
			isa = PBXContainerItemProxy;
			containerPortal = 6AE06AE80D8A1E9100941AF6 /* Takao.xcodeproj */;
			proxyType = 2;
			remoteGlobalIDString = 6A47702B0D5C521600C6C744;
			remoteInfo = "OpenVanilla (Library)";
		};
		6AE06B000D8A1E9100941AF6 /* PBXContainerItemProxy */ = {
			isa = PBXContainerItemProxy;
			containerPortal = 6AE06AE80D8A1E9100941AF6 /* Takao.xcodeproj */;
			proxyType = 2;
			remoteGlobalIDString = 6A4771630D5C5E3900C6C744;
			remoteInfo = LFExtensions;
		};
		6AE06B020D8A1E9100941AF6 /* PBXContainerItemProxy */ = {
			isa = PBXContainerItemProxy;
			containerPortal = 6AE06AE80D8A1E9100941AF6 /* Takao.xcodeproj */;
			proxyType = 2;
			remoteGlobalIDString = 6A47716F0D5C5E5500C6C744;
			remoteInfo = "PlainVanilla (Framework)";
		};
		6AE06B040D8A1E9100941AF6 /* PBXContainerItemProxy */ = {
			isa = PBXContainerItemProxy;
			containerPortal = 6AE06AE80D8A1E9100941AF6 /* Takao.xcodeproj */;
			proxyType = 2;
			remoteGlobalIDString = 6A4772930D5C5FCE00C6C744;
			remoteInfo = "Takao (Loader OSX-IMK)";
		};
		6AE06B060D8A1E9100941AF6 /* PBXContainerItemProxy */ = {
			isa = PBXContainerItemProxy;
			containerPortal = 6AE06AE80D8A1E9100941AF6 /* Takao.xcodeproj */;
			proxyType = 2;
			remoteGlobalIDString = 6A4770E50D5C54A000C6C744;
			remoteInfo = "sqlite3-crypto (Library)";
		};
		6AE06B080D8A1E9100941AF6 /* PBXContainerItemProxy */ = {
			isa = PBXContainerItemProxy;
			containerPortal = 6AE06AE80D8A1E9100941AF6 /* Takao.xcodeproj */;
			proxyType = 2;
			remoteGlobalIDString = 6A4770ED0D5C54D700C6C744;
			remoteInfo = "sqlite3-crypto (Shell Tool)";
		};
		6AE06B0A0D8A1E9100941AF6 /* PBXContainerItemProxy */ = {
			isa = PBXContainerItemProxy;
			containerPortal = 6AE06AE80D8A1E9100941AF6 /* Takao.xcodeproj */;
			proxyType = 2;
			remoteGlobalIDString = 6AEBD0050D5D7E0D00ABF19D;
			remoteInfo = "Formosa (Library)";
		};
		6AE06B0C0D8A1E9100941AF6 /* PBXContainerItemProxy */ = {
			isa = PBXContainerItemProxy;
			containerPortal = 6AE06AE80D8A1E9100941AF6 /* Takao.xcodeproj */;
			proxyType = 2;
			remoteGlobalIDString = 6A2D56120D5D889400E710D6;
			remoteInfo = "Manjusri (Library)";
		};
		6AE06B0E0D8A1E9100941AF6 /* PBXContainerItemProxy */ = {
			isa = PBXContainerItemProxy;
			containerPortal = 6AE06AE80D8A1E9100941AF6 /* Takao.xcodeproj */;
			proxyType = 2;
			remoteGlobalIDString = 6ACA0C4F0D5C87FB00514BC7;
			remoteInfo = "TakaoModulePackages (Library)";
		};
		6AE06B100D8A1E9100941AF6 /* PBXContainerItemProxy */ = {
			isa = PBXContainerItemProxy;
			containerPortal = 6AE06AE80D8A1E9100941AF6 /* Takao.xcodeproj */;
			proxyType = 2;
			remoteGlobalIDString = 6A476FFE0D5C510C00C6C744;
			remoteInfo = "UnitTest++";
		};
		6AE06B120D8A1E9100941AF6 /* PBXContainerItemProxy */ = {
			isa = PBXContainerItemProxy;
			containerPortal = 6AE06AE80D8A1E9100941AF6 /* Takao.xcodeproj */;
			proxyType = 2;
			remoteGlobalIDString = 6A4770540D5C529400C6C744;
			remoteInfo = TestOpenVanilla;
		};
		6AE06B140D8A1E9100941AF6 /* PBXContainerItemProxy */ = {
			isa = PBXContainerItemProxy;
			containerPortal = 6AE06AE80D8A1E9100941AF6 /* Takao.xcodeproj */;
			proxyType = 2;
			remoteGlobalIDString = D47D5E300D5EDD650093524C;
			remoteInfo = Preferences;
		};
		6AE06B160D8A1E9100941AF6 /* PBXContainerItemProxy */ = {
			isa = PBXContainerItemProxy;
			containerPortal = 6AE06AE80D8A1E9100941AF6 /* Takao.xcodeproj */;
			proxyType = 2;
			remoteGlobalIDString = 6A428A2D0D74066D00ABCDA1;
			remoteInfo = ManjusriBuilder;
		};
		6AE06B180D8A1E9100941AF6 /* PBXContainerItemProxy */ = {
			isa = PBXContainerItemProxy;
			containerPortal = 6AE06AE80D8A1E9100941AF6 /* Takao.xcodeproj */;
			proxyType = 2;
			remoteGlobalIDString = 6AE3FA7D0D76771300C7D18D;
			remoteInfo = VersionInfoMaker;
		};
		6AE06B1A0D8A1E9100941AF6 /* PBXContainerItemProxy */ = {
			isa = PBXContainerItemProxy;
			containerPortal = 6AE06AE80D8A1E9100941AF6 /* Takao.xcodeproj */;
			proxyType = 2;
			remoteGlobalIDString = 6AE3FA950D76776200C7D18D;
			remoteInfo = "PlainVanilla (Library)";
		};
		6AE06B1C0D8A1E9100941AF6 /* PBXContainerItemProxy */ = {
			isa = PBXContainerItemProxy;
			containerPortal = 6AE06AE80D8A1E9100941AF6 /* Takao.xcodeproj */;
			proxyType = 2;
			remoteGlobalIDString = 6AD322590D76DA3E005083D4;
			remoteInfo = Keyring;
		};
		6AE06B260D8A1F5700941AF6 /* PBXContainerItemProxy */ = {
			isa = PBXContainerItemProxy;
			containerPortal = 6AE06AE80D8A1E9100941AF6 /* Takao.xcodeproj */;
			proxyType = 1;
			remoteGlobalIDString = 6A476EE60D5C48CE00C6C744;
			remoteInfo = "OpenVanilla (Framework)";
		};
		6AE06B280D8A1F5700941AF6 /* PBXContainerItemProxy */ = {
			isa = PBXContainerItemProxy;
			containerPortal = 6AE06AE80D8A1E9100941AF6 /* Takao.xcodeproj */;
			proxyType = 1;
			remoteGlobalIDString = 6A47702A0D5C521600C6C744;
			remoteInfo = "OpenVanilla (Library)";
		};
		D42E87990E0900460024DCCB /* PBXContainerItemProxy */ = {
			isa = PBXContainerItemProxy;
			containerPortal = 6AE06AE80D8A1E9100941AF6 /* Takao.xcodeproj */;
			proxyType = 2;
			remoteGlobalIDString = D4B3E71B0DC7A643000980D8;
			remoteInfo = InstallerHelp;
		};
		D42E879B0E0900460024DCCB /* PBXContainerItemProxy */ = {
			isa = PBXContainerItemProxy;
			containerPortal = 6AE06AE80D8A1E9100941AF6 /* Takao.xcodeproj */;
			proxyType = 2;
			remoteGlobalIDString = D429EC6E0DCA2327002A2436;
			remoteInfo = CinInstaller;
		};
		D42E879D0E0900460024DCCB /* PBXContainerItemProxy */ = {
			isa = PBXContainerItemProxy;
			containerPortal = 6AE06AE80D8A1E9100941AF6 /* Takao.xcodeproj */;
			proxyType = 2;
			remoteGlobalIDString = D429EC9D0DCA24E3002A2436;
			remoteInfo = "CinInstaller (OSX-TSM)";
		};
		D43E2C5E0EBEEF7200557B95 /* PBXContainerItemProxy */ = {
			isa = PBXContainerItemProxy;
			containerPortal = 6AE06AE80D8A1E9100941AF6 /* Takao.xcodeproj */;
			proxyType = 2;
			remoteGlobalIDString = 6AC898E90EB5F9F3009217C5;
			remoteInfo = YKAFPhraseAware;
		};
		D43E2C600EBEEF7200557B95 /* PBXContainerItemProxy */ = {
			isa = PBXContainerItemProxy;
			containerPortal = 6AE06AE80D8A1E9100941AF6 /* Takao.xcodeproj */;
			proxyType = 2;
			remoteGlobalIDString = D42B09D30EBDD31C00AB5B7A;
			remoteInfo = PhraseEditor;
		};
		D45B6FA70EAE069700227A74 /* PBXContainerItemProxy */ = {
			isa = PBXContainerItemProxy;
			containerPortal = 6AE06AE80D8A1E9100941AF6 /* Takao.xcodeproj */;
			proxyType = 2;
			remoteGlobalIDString = 6AB931660EA42CE2005CD336;
			remoteInfo = YKReverseLookup;
		};
		D45B6FA90EAE069700227A74 /* PBXContainerItemProxy */ = {
			isa = PBXContainerItemProxy;
			containerPortal = 6AE06AE80D8A1E9100941AF6 /* Takao.xcodeproj */;
			proxyType = 2;
			remoteGlobalIDString = 6AEB823C0EADC1EE005F82AB;
			remoteInfo = YKAFPhraseConverter;
		};
		D495914A0E4603DC000FFED5 /* PBXContainerItemProxy */ = {
			isa = PBXContainerItemProxy;
			containerPortal = 6AE06AE80D8A1E9100941AF6 /* Takao.xcodeproj */;
			proxyType = 2;
			remoteGlobalIDString = 6A7E64FC0E1BAF790071ED92;
			remoteInfo = "sqlite3-cerod-see (Library)";
		};
		D495914C0E4603DC000FFED5 /* PBXContainerItemProxy */ = {
			isa = PBXContainerItemProxy;
			containerPortal = 6AE06AE80D8A1E9100941AF6 /* Takao.xcodeproj */;
			proxyType = 2;
			remoteGlobalIDString = 6A859F360E41A495002C3544;
			remoteInfo = LFWebAPIToolbox;
		};
		D49BD5360E89137800850548 /* PBXContainerItemProxy */ = {
			isa = PBXContainerItemProxy;
			containerPortal = 6AE06AE80D8A1E9100941AF6 /* Takao.xcodeproj */;
			proxyType = 1;
			remoteGlobalIDString = 6A476EE60D5C48CE00C6C744;
			remoteInfo = "OpenVanilla (Framework)";
		};
		D49BD5380E89137800850548 /* PBXContainerItemProxy */ = {
			isa = PBXContainerItemProxy;
			containerPortal = 6AE06AE80D8A1E9100941AF6 /* Takao.xcodeproj */;
			proxyType = 1;
			remoteGlobalIDString = 6A47702A0D5C521600C6C744;
			remoteInfo = "OpenVanilla (Library)";
		};
		D4FF19510D9635A700C22A86 /* PBXContainerItemProxy */ = {
			isa = PBXContainerItemProxy;
			containerPortal = 6AE06AE80D8A1E9100941AF6 /* Takao.xcodeproj */;
			proxyType = 2;
			remoteGlobalIDString = D4466C470D916B9200A530D4;
			remoteInfo = DownloadUpdate;
		};
		D4FF19530D9635A700C22A86 /* PBXContainerItemProxy */ = {
			isa = PBXContainerItemProxy;
			containerPortal = 6AE06AE80D8A1E9100941AF6 /* Takao.xcodeproj */;
			proxyType = 2;
			remoteGlobalIDString = D4FE38940D8AF7B900A1FD8B;
			remoteInfo = CustomerCare;
		};
		D4FF19550D9635A700C22A86 /* PBXContainerItemProxy */ = {
			isa = PBXContainerItemProxy;
			containerPortal = 6AE06AE80D8A1E9100941AF6 /* Takao.xcodeproj */;
			proxyType = 2;
			remoteGlobalIDString = 6AB89EE70D8A25A600D087E3;
			remoteInfo = "Takao (Loader OSX-TSM Server)";
		};
		D4FF19570D9635A700C22A86 /* PBXContainerItemProxy */ = {
			isa = PBXContainerItemProxy;
			containerPortal = 6AE06AE80D8A1E9100941AF6 /* Takao.xcodeproj */;
			proxyType = 2;
			remoteGlobalIDString = 6AB89F1B0D8A25C400D087E3;
			remoteInfo = "Preferences (for OSX-TSM)";
		};
		D4FF19590D9635A700C22A86 /* PBXContainerItemProxy */ = {
			isa = PBXContainerItemProxy;
			containerPortal = 6AE06AE80D8A1E9100941AF6 /* Takao.xcodeproj */;
			proxyType = 2;
			remoteGlobalIDString = 6AED2FA10D8BCEF600E6D3F8;
			remoteInfo = "CareService (Library)";
		};
		D4FF7E170F45ADC8006F4025 /* PBXContainerItemProxy */ = {
			isa = PBXContainerItemProxy;
			containerPortal = 6AE06AE80D8A1E9100941AF6 /* Takao.xcodeproj */;
			proxyType = 2;
			remoteGlobalIDString = D4FCBBF50EE416E900D9788A;
			remoteInfo = "PhraseEditor (for OSX-TSM)";
		};
		D4FF7E190F45ADC8006F4025 /* PBXContainerItemProxy */ = {
			isa = PBXContainerItemProxy;
			containerPortal = 6AE06AE80D8A1E9100941AF6 /* Takao.xcodeproj */;
			proxyType = 2;
			remoteGlobalIDString = 6A0138EB0ED1D44200715577;
			remoteInfo = YKAFWordCount;
		};
/* End PBXContainerItemProxy section */

/* Begin PBXFileReference section */
		6AE06AC20D8A1CEA00941AF6 /* OVOFEscapePackage.bundle */ = {isa = PBXFileReference; explicitFileType = wrapper.cfbundle; includeInIndex = 0; path = OVOFEscapePackage.bundle; sourceTree = BUILT_PRODUCTS_DIR; };
		6AE06AC40D8A1CEA00941AF6 /* OVOFEscapePackage-Info.plist */ = {isa = PBXFileReference; lastKnownFileType = text.plist.xml; name = "OVOFEscapePackage-Info.plist"; path = "ModulePackages/OVOFEscape/OVOFEscapePackage-Info.plist"; sourceTree = "<group>"; };
		6AE06ACA0D8A1D4A00941AF6 /* OVOFEscape.cpp */ = {isa = PBXFileReference; fileEncoding = 4; lastKnownFileType = sourcecode.cpp.cpp; name = OVOFEscape.cpp; path = ModulePackages/OVOFEscape/OVOFEscape.cpp; sourceTree = "<group>"; };
		6AE06ACB0D8A1D4A00941AF6 /* OVOFEscape.h */ = {isa = PBXFileReference; fileEncoding = 4; lastKnownFileType = sourcecode.c.h; name = OVOFEscape.h; path = ModulePackages/OVOFEscape/OVOFEscape.h; sourceTree = "<group>"; };
		6AE06ACC0D8A1D4A00941AF6 /* OVOFEscapePackage.h */ = {isa = PBXFileReference; fileEncoding = 4; lastKnownFileType = sourcecode.c.h; name = OVOFEscapePackage.h; path = ModulePackages/OVOFEscape/OVOFEscapePackage.h; sourceTree = "<group>"; };
		6AE06ACD0D8A1D4A00941AF6 /* PackageMain.cpp */ = {isa = PBXFileReference; fileEncoding = 4; lastKnownFileType = sourcecode.cpp.cpp; name = PackageMain.cpp; path = ModulePackages/OVOFEscape/PackageMain.cpp; sourceTree = "<group>"; };
		6AE06AE80D8A1E9100941AF6 /* Takao.xcodeproj */ = {isa = PBXFileReference; lastKnownFileType = "wrapper.pb-project"; path = Takao.xcodeproj; sourceTree = "<group>"; };
		D49BD50A0E8911D300850548 /* YKAFWordCountPackage.bundle */ = {isa = PBXFileReference; explicitFileType = wrapper.cfbundle; includeInIndex = 0; path = YKAFWordCountPackage.bundle; sourceTree = BUILT_PRODUCTS_DIR; };
		D49BD5120E89125A00850548 /* YKAFWordCount.h */ = {isa = PBXFileReference; fileEncoding = 4; lastKnownFileType = sourcecode.c.h; name = YKAFWordCount.h; path = ModulePackages/YKAFWordCount/YKAFWordCount.h; sourceTree = "<group>"; };
		D49BD5130E89125A00850548 /* PackageMain.cpp */ = {isa = PBXFileReference; fileEncoding = 4; lastKnownFileType = sourcecode.cpp.cpp; name = PackageMain.cpp; path = ModulePackages/YKAFWordCount/PackageMain.cpp; sourceTree = "<group>"; };
		D49BD5140E89125A00850548 /* YKAFWordCount.cpp */ = {isa = PBXFileReference; fileEncoding = 4; lastKnownFileType = sourcecode.cpp.cpp; name = YKAFWordCount.cpp; path = ModulePackages/YKAFWordCount/YKAFWordCount.cpp; sourceTree = "<group>"; };
		D49BD5170E89126000850548 /* YKAFWordCountPackage.h */ = {isa = PBXFileReference; fileEncoding = 4; lastKnownFileType = sourcecode.c.h; name = YKAFWordCountPackage.h; path = ModulePackages/YKAFWordCount/YKAFWordCountPackage.h; sourceTree = "<group>"; };
/* End PBXFileReference section */

/* Begin PBXFrameworksBuildPhase section */
		6AE06AC00D8A1CEA00941AF6 /* Frameworks */ = {
			isa = PBXFrameworksBuildPhase;
			buildActionMask = 2147483647;
			files = (
				6AE06B570D8A1FCD00941AF6 /* libOpenVanilla.a in Frameworks */,
			);
			runOnlyForDeploymentPostprocessing = 0;
		};
		D49BD5080E8911D300850548 /* Frameworks */ = {
			isa = PBXFrameworksBuildPhase;
			buildActionMask = 2147483647;
			files = (
				D49BD5300E89132000850548 /* libOpenVanilla.a in Frameworks */,
			);
			runOnlyForDeploymentPostprocessing = 0;
		};
/* End PBXFrameworksBuildPhase section */

/* Begin PBXGroup section */
		089C166AFE841209C02AAC07 /* LithoglyphModules */ = {
			isa = PBXGroup;
			children = (
				6AE06AE80D8A1E9100941AF6 /* Takao.xcodeproj */,
				6AE06AC90D8A1D2D00941AF6 /* OVOFEscapePackage */,
				D49BD5030E8911A300850548 /* YKAFWordCount */,
				6AE06AC30D8A1CEA00941AF6 /* Products */,
			);
			name = LithoglyphModules;
			sourceTree = "<group>";
		};
		6AE06AC30D8A1CEA00941AF6 /* Products */ = {
			isa = PBXGroup;
			children = (
				6AE06AC20D8A1CEA00941AF6 /* OVOFEscapePackage.bundle */,
				D49BD50A0E8911D300850548 /* YKAFWordCountPackage.bundle */,
			);
			name = Products;
			sourceTree = "<group>";
		};
		6AE06AC90D8A1D2D00941AF6 /* OVOFEscapePackage */ = {
			isa = PBXGroup;
			children = (
				6AE06AC40D8A1CEA00941AF6 /* OVOFEscapePackage-Info.plist */,
				6AE06ACA0D8A1D4A00941AF6 /* OVOFEscape.cpp */,
				6AE06ACB0D8A1D4A00941AF6 /* OVOFEscape.h */,
				6AE06ACC0D8A1D4A00941AF6 /* OVOFEscapePackage.h */,
				6AE06ACD0D8A1D4A00941AF6 /* PackageMain.cpp */,
			);
			name = OVOFEscapePackage;
			sourceTree = "<group>";
		};
		6AE06AE90D8A1E9100941AF6 /* Products */ = {
			isa = PBXGroup;
			children = (
				6AE06B050D8A1E9100941AF6 /* Yahoo! KeyKey.app */,
				D4FF19560D9635A700C22A86 /* KeyKeyServer.app */,
				6ABC3E7B0DBF615C00146A8B /* Yahoo! KeyKey.bundle */,
				6AE06AFF0D8A1E9100941AF6 /* libOpenVanilla.a */,
				6AE06AFD0D8A1E9100941AF6 /* OpenVanilla.framework */,
				6AE06B1B0D8A1E9100941AF6 /* libPlainVanilla.a */,
				6AE06B030D8A1E9100941AF6 /* PlainVanilla.framework */,
				6AE06B010D8A1E9100941AF6 /* LFExtensions.framework */,
				6AE06B070D8A1E9100941AF6 /* libsqlite3-crypto.a */,
				6AE06B090D8A1E9100941AF6 /* sqlite3-crypto */,
				D495914B0E4603DC000FFED5 /* libsqlite3-cerod-see.a */,
				6AE06B0B0D8A1E9100941AF6 /* libFormosa.a */,
				6AE06B0D0D8A1E9100941AF6 /* libManjusri.a */,
				6AE06B0F0D8A1E9100941AF6 /* libTakaoModulePackages.a */,
				D4FF195A0D9635A700C22A86 /* libCareService.a */,
				6AE06B110D8A1E9100941AF6 /* libUnitTest++.a */,
				6AE06B130D8A1E9100941AF6 /* TestOpenVanilla */,
				6AE06B190D8A1E9100941AF6 /* VersionInfoMaker */,
				6AE06B170D8A1E9100941AF6 /* ManjusriBuilder */,
				6A67C17A0DC47006007349E9 /* PhraseTool */,
				6AE06B150D8A1E9100941AF6 /* Preferences.app */,
				D4FF19520D9635A700C22A86 /* DownloadUpdate.app */,
				D4FF19540D9635A700C22A86 /* CustomerCare.app */,
				D43E2C610EBEEF7200557B95 /* PhraseEditor.app */,
				D42E879C0E0900460024DCCB /* CinInstaller.app */,
				6AE06B1D0D8A1E9100941AF6 /* libKeyring.a */,
				D4FF19580D9635A700C22A86 /* PreferencesTiger.app */,
				6ABC3E7D0DBF615C00146A8B /* DownloadUpdateTiger.app */,
				6ABC3E7F0DBF615C00146A8B /* CustomerCareTiger.app */,
				D4FF7E180F45ADC8006F4025 /* PhraseEditorTiger.app */,
				D42E879E0E0900460024DCCB /* CinInstallerTiger.app */,
				6ABC3E810DBF615C00146A8B /* Installer.app */,
				D42E879A0E0900460024DCCB /* InstallerHelp.app */,
				D495914D0E4603DC000FFED5 /* libLFWebAPIToolbox.a */,
				D45B6FA80EAE069700227A74 /* YKReverseLookup.bundle */,
				D45B6FAA0EAE069700227A74 /* YKAFPhraseConverter.bundle */,
				D43E2C5F0EBEEF7200557B95 /* YKAFPhraseAware.bundle */,
				D4FF7E1A0F45ADC8006F4025 /* YKAFWordCount.bundle */,
			);
			name = Products;
			sourceTree = "<group>";
		};
		D49BD5030E8911A300850548 /* YKAFWordCount */ = {
			isa = PBXGroup;
			children = (
				D49BD5170E89126000850548 /* YKAFWordCountPackage.h */,
				D49BD5140E89125A00850548 /* YKAFWordCount.cpp */,
				D49BD5120E89125A00850548 /* YKAFWordCount.h */,
				D49BD5130E89125A00850548 /* PackageMain.cpp */,
			);
			name = YKAFWordCount;
			sourceTree = "<group>";
		};
/* End PBXGroup section */

/* Begin PBXNativeTarget section */
		6AE06AC10D8A1CEA00941AF6 /* OVOFEscapePackage */ = {
			isa = PBXNativeTarget;
			buildConfigurationList = 6AE06AC70D8A1CEB00941AF6 /* Build configuration list for PBXNativeTarget "OVOFEscapePackage" */;
			buildPhases = (
				6AE06ABE0D8A1CEA00941AF6 /* Resources */,
				6AE06ABF0D8A1CEA00941AF6 /* Sources */,
				6AE06AC00D8A1CEA00941AF6 /* Frameworks */,
			);
			buildRules = (
			);
			dependencies = (
				6AE06B270D8A1F5700941AF6 /* PBXTargetDependency */,
				6AE06B290D8A1F5700941AF6 /* PBXTargetDependency */,
			);
			name = OVOFEscapePackage;
			productName = OVOFEscapePackage;
			productReference = 6AE06AC20D8A1CEA00941AF6 /* OVOFEscapePackage.bundle */;
			productType = "com.apple.product-type.bundle";
		};
		D49BD5090E8911D300850548 /* YKAFWordCountPackage */ = {
			isa = PBXNativeTarget;
			buildConfigurationList = D49BD50E0E8911D400850548 /* Build configuration list for PBXNativeTarget "YKAFWordCountPackage" */;
			buildPhases = (
				D49BD5060E8911D300850548 /* Resources */,
				D49BD5070E8911D300850548 /* Sources */,
				D49BD5080E8911D300850548 /* Frameworks */,
			);
			buildRules = (
			);
			dependencies = (
				D49BD5370E89137800850548 /* PBXTargetDependency */,
				D49BD5390E89137800850548 /* PBXTargetDependency */,
			);
			name = YKAFWordCountPackage;
			productName = YKAFWordCountPackage;
			productReference = D49BD50A0E8911D300850548 /* YKAFWordCountPackage.bundle */;
			productType = "com.apple.product-type.bundle";
		};
/* End PBXNativeTarget section */

/* Begin PBXProject section */
		089C1669FE841209C02AAC07 /* Project object */ = {
			isa = PBXProject;
			buildConfigurationList = 1DEB913E08733D840010E9CD /* Build configuration list for PBXProject "LithoglyphModules" */;
			compatibilityVersion = "Xcode 3.1";
			hasScannedForEncodings = 1;
			mainGroup = 089C166AFE841209C02AAC07 /* LithoglyphModules */;
			productRefGroup = 6AE06AC30D8A1CEA00941AF6 /* Products */;
			projectDirPath = "";
			projectReferences = (
				{
					ProductGroup = 6AE06AE90D8A1E9100941AF6 /* Products */;
					ProjectRef = 6AE06AE80D8A1E9100941AF6 /* Takao.xcodeproj */;
				},
			);
			projectRoot = "";
			targets = (
				6AE06AC10D8A1CEA00941AF6 /* OVOFEscapePackage */,
				D49BD5090E8911D300850548 /* YKAFWordCountPackage */,
			);
		};
/* End PBXProject section */

/* Begin PBXReferenceProxy section */
		6A67C17A0DC47006007349E9 /* PhraseTool */ = {
			isa = PBXReferenceProxy;
			fileType = "compiled.mach-o.executable";
			path = PhraseTool;
			remoteRef = 6A67C1790DC47006007349E9 /* PBXContainerItemProxy */;
			sourceTree = BUILT_PRODUCTS_DIR;
		};
		6ABC3E7B0DBF615C00146A8B /* Yahoo! KeyKey.bundle */ = {
			isa = PBXReferenceProxy;
			fileType = wrapper.cfbundle;
			path = "Yahoo! KeyKey.bundle";
			remoteRef = 6ABC3E7A0DBF615C00146A8B /* PBXContainerItemProxy */;
			sourceTree = BUILT_PRODUCTS_DIR;
		};
		6ABC3E7D0DBF615C00146A8B /* DownloadUpdateTiger.app */ = {
			isa = PBXReferenceProxy;
			fileType = wrapper.application;
			path = DownloadUpdateTiger.app;
			remoteRef = 6ABC3E7C0DBF615C00146A8B /* PBXContainerItemProxy */;
			sourceTree = BUILT_PRODUCTS_DIR;
		};
		6ABC3E7F0DBF615C00146A8B /* CustomerCareTiger.app */ = {
			isa = PBXReferenceProxy;
			fileType = wrapper.application;
			path = CustomerCareTiger.app;
			remoteRef = 6ABC3E7E0DBF615C00146A8B /* PBXContainerItemProxy */;
			sourceTree = BUILT_PRODUCTS_DIR;
		};
		6ABC3E810DBF615C00146A8B /* Installer.app */ = {
			isa = PBXReferenceProxy;
			fileType = wrapper.application;
			path = Installer.app;
			remoteRef = 6ABC3E800DBF615C00146A8B /* PBXContainerItemProxy */;
			sourceTree = BUILT_PRODUCTS_DIR;
		};
		6AE06AFD0D8A1E9100941AF6 /* OpenVanilla.framework */ = {
			isa = PBXReferenceProxy;
			fileType = wrapper.framework;
			path = OpenVanilla.framework;
			remoteRef = 6AE06AFC0D8A1E9100941AF6 /* PBXContainerItemProxy */;
			sourceTree = BUILT_PRODUCTS_DIR;
		};
		6AE06AFF0D8A1E9100941AF6 /* libOpenVanilla.a */ = {
			isa = PBXReferenceProxy;
			fileType = archive.ar;
			path = libOpenVanilla.a;
			remoteRef = 6AE06AFE0D8A1E9100941AF6 /* PBXContainerItemProxy */;
			sourceTree = BUILT_PRODUCTS_DIR;
		};
		6AE06B010D8A1E9100941AF6 /* LFExtensions.framework */ = {
			isa = PBXReferenceProxy;
			fileType = wrapper.framework;
			path = LFExtensions.framework;
			remoteRef = 6AE06B000D8A1E9100941AF6 /* PBXContainerItemProxy */;
			sourceTree = BUILT_PRODUCTS_DIR;
		};
		6AE06B030D8A1E9100941AF6 /* PlainVanilla.framework */ = {
			isa = PBXReferenceProxy;
			fileType = wrapper.framework;
			path = PlainVanilla.framework;
			remoteRef = 6AE06B020D8A1E9100941AF6 /* PBXContainerItemProxy */;
			sourceTree = BUILT_PRODUCTS_DIR;
		};
		6AE06B050D8A1E9100941AF6 /* Yahoo! KeyKey.app */ = {
			isa = PBXReferenceProxy;
			fileType = wrapper.application;
			path = "Yahoo! KeyKey.app";
			remoteRef = 6AE06B040D8A1E9100941AF6 /* PBXContainerItemProxy */;
			sourceTree = BUILT_PRODUCTS_DIR;
		};
		6AE06B070D8A1E9100941AF6 /* libsqlite3-crypto.a */ = {
			isa = PBXReferenceProxy;
			fileType = archive.ar;
			path = "libsqlite3-crypto.a";
			remoteRef = 6AE06B060D8A1E9100941AF6 /* PBXContainerItemProxy */;
			sourceTree = BUILT_PRODUCTS_DIR;
		};
		6AE06B090D8A1E9100941AF6 /* sqlite3-crypto */ = {
			isa = PBXReferenceProxy;
			fileType = "compiled.mach-o.executable";
			path = "sqlite3-crypto";
			remoteRef = 6AE06B080D8A1E9100941AF6 /* PBXContainerItemProxy */;
			sourceTree = BUILT_PRODUCTS_DIR;
		};
		6AE06B0B0D8A1E9100941AF6 /* libFormosa.a */ = {
			isa = PBXReferenceProxy;
			fileType = archive.ar;
			path = libFormosa.a;
			remoteRef = 6AE06B0A0D8A1E9100941AF6 /* PBXContainerItemProxy */;
			sourceTree = BUILT_PRODUCTS_DIR;
		};
		6AE06B0D0D8A1E9100941AF6 /* libManjusri.a */ = {
			isa = PBXReferenceProxy;
			fileType = archive.ar;
			path = libManjusri.a;
			remoteRef = 6AE06B0C0D8A1E9100941AF6 /* PBXContainerItemProxy */;
			sourceTree = BUILT_PRODUCTS_DIR;
		};
		6AE06B0F0D8A1E9100941AF6 /* libTakaoModulePackages.a */ = {
			isa = PBXReferenceProxy;
			fileType = archive.ar;
			path = libTakaoModulePackages.a;
			remoteRef = 6AE06B0E0D8A1E9100941AF6 /* PBXContainerItemProxy */;
			sourceTree = BUILT_PRODUCTS_DIR;
		};
		6AE06B110D8A1E9100941AF6 /* libUnitTest++.a */ = {
			isa = PBXReferenceProxy;
			fileType = archive.ar;
			path = "libUnitTest++.a";
			remoteRef = 6AE06B100D8A1E9100941AF6 /* PBXContainerItemProxy */;
			sourceTree = BUILT_PRODUCTS_DIR;
		};
		6AE06B130D8A1E9100941AF6 /* TestOpenVanilla */ = {
			isa = PBXReferenceProxy;
			fileType = "compiled.mach-o.executable";
			path = TestOpenVanilla;
			remoteRef = 6AE06B120D8A1E9100941AF6 /* PBXContainerItemProxy */;
			sourceTree = BUILT_PRODUCTS_DIR;
		};
		6AE06B150D8A1E9100941AF6 /* Preferences.app */ = {
			isa = PBXReferenceProxy;
			fileType = wrapper.application;
			path = Preferences.app;
			remoteRef = 6AE06B140D8A1E9100941AF6 /* PBXContainerItemProxy */;
			sourceTree = BUILT_PRODUCTS_DIR;
		};
		6AE06B170D8A1E9100941AF6 /* ManjusriBuilder */ = {
			isa = PBXReferenceProxy;
			fileType = "compiled.mach-o.executable";
			path = ManjusriBuilder;
			remoteRef = 6AE06B160D8A1E9100941AF6 /* PBXContainerItemProxy */;
			sourceTree = BUILT_PRODUCTS_DIR;
		};
		6AE06B190D8A1E9100941AF6 /* VersionInfoMaker */ = {
			isa = PBXReferenceProxy;
			fileType = "compiled.mach-o.executable";
			path = VersionInfoMaker;
			remoteRef = 6AE06B180D8A1E9100941AF6 /* PBXContainerItemProxy */;
			sourceTree = BUILT_PRODUCTS_DIR;
		};
		6AE06B1B0D8A1E9100941AF6 /* libPlainVanilla.a */ = {
			isa = PBXReferenceProxy;
			fileType = archive.ar;
			path = libPlainVanilla.a;
			remoteRef = 6AE06B1A0D8A1E9100941AF6 /* PBXContainerItemProxy */;
			sourceTree = BUILT_PRODUCTS_DIR;
		};
		6AE06B1D0D8A1E9100941AF6 /* libKeyring.a */ = {
			isa = PBXReferenceProxy;
			fileType = archive.ar;
			path = libKeyring.a;
			remoteRef = 6AE06B1C0D8A1E9100941AF6 /* PBXContainerItemProxy */;
			sourceTree = BUILT_PRODUCTS_DIR;
		};
		D42E879A0E0900460024DCCB /* InstallerHelp.app */ = {
			isa = PBXReferenceProxy;
			fileType = wrapper.application;
			path = InstallerHelp.app;
			remoteRef = D42E87990E0900460024DCCB /* PBXContainerItemProxy */;
			sourceTree = BUILT_PRODUCTS_DIR;
		};
		D42E879C0E0900460024DCCB /* CinInstaller.app */ = {
			isa = PBXReferenceProxy;
			fileType = wrapper.application;
			path = CinInstaller.app;
			remoteRef = D42E879B0E0900460024DCCB /* PBXContainerItemProxy */;
			sourceTree = BUILT_PRODUCTS_DIR;
		};
		D42E879E0E0900460024DCCB /* CinInstallerTiger.app */ = {
			isa = PBXReferenceProxy;
			fileType = wrapper.application;
			path = CinInstallerTiger.app;
			remoteRef = D42E879D0E0900460024DCCB /* PBXContainerItemProxy */;
			sourceTree = BUILT_PRODUCTS_DIR;
		};
		D43E2C5F0EBEEF7200557B95 /* YKAFPhraseAware.bundle */ = {
			isa = PBXReferenceProxy;
			fileType = wrapper.cfbundle;
			path = YKAFPhraseAware.bundle;
			remoteRef = D43E2C5E0EBEEF7200557B95 /* PBXContainerItemProxy */;
			sourceTree = BUILT_PRODUCTS_DIR;
		};
		D43E2C610EBEEF7200557B95 /* PhraseEditor.app */ = {
			isa = PBXReferenceProxy;
			fileType = wrapper.application;
			path = PhraseEditor.app;
			remoteRef = D43E2C600EBEEF7200557B95 /* PBXContainerItemProxy */;
			sourceTree = BUILT_PRODUCTS_DIR;
		};
		D45B6FA80EAE069700227A74 /* YKReverseLookup.bundle */ = {
			isa = PBXReferenceProxy;
			fileType = wrapper.cfbundle;
			path = YKReverseLookup.bundle;
			remoteRef = D45B6FA70EAE069700227A74 /* PBXContainerItemProxy */;
			sourceTree = BUILT_PRODUCTS_DIR;
		};
		D45B6FAA0EAE069700227A74 /* YKAFPhraseConverter.bundle */ = {
			isa = PBXReferenceProxy;
			fileType = wrapper.cfbundle;
			path = YKAFPhraseConverter.bundle;
			remoteRef = D45B6FA90EAE069700227A74 /* PBXContainerItemProxy */;
			sourceTree = BUILT_PRODUCTS_DIR;
		};
		D495914B0E4603DC000FFED5 /* libsqlite3-cerod-see.a */ = {
			isa = PBXReferenceProxy;
			fileType = archive.ar;
			path = "libsqlite3-cerod-see.a";
			remoteRef = D495914A0E4603DC000FFED5 /* PBXContainerItemProxy */;
			sourceTree = BUILT_PRODUCTS_DIR;
		};
		D495914D0E4603DC000FFED5 /* libLFWebAPIToolbox.a */ = {
			isa = PBXReferenceProxy;
			fileType = archive.ar;
			path = libLFWebAPIToolbox.a;
			remoteRef = D495914C0E4603DC000FFED5 /* PBXContainerItemProxy */;
			sourceTree = BUILT_PRODUCTS_DIR;
		};
		D4FF19520D9635A700C22A86 /* DownloadUpdate.app */ = {
			isa = PBXReferenceProxy;
			fileType = wrapper.application;
			path = DownloadUpdate.app;
			remoteRef = D4FF19510D9635A700C22A86 /* PBXContainerItemProxy */;
			sourceTree = BUILT_PRODUCTS_DIR;
		};
		D4FF19540D9635A700C22A86 /* CustomerCare.app */ = {
			isa = PBXReferenceProxy;
			fileType = wrapper.application;
			path = CustomerCare.app;
			remoteRef = D4FF19530D9635A700C22A86 /* PBXContainerItemProxy */;
			sourceTree = BUILT_PRODUCTS_DIR;
		};
		D4FF19560D9635A700C22A86 /* KeyKeyServer.app */ = {
			isa = PBXReferenceProxy;
			fileType = wrapper.application;
			path = KeyKeyServer.app;
			remoteRef = D4FF19550D9635A700C22A86 /* PBXContainerItemProxy */;
			sourceTree = BUILT_PRODUCTS_DIR;
		};
		D4FF19580D9635A700C22A86 /* PreferencesTiger.app */ = {
			isa = PBXReferenceProxy;
			fileType = wrapper.application;
			path = PreferencesTiger.app;
			remoteRef = D4FF19570D9635A700C22A86 /* PBXContainerItemProxy */;
			sourceTree = BUILT_PRODUCTS_DIR;
		};
		D4FF195A0D9635A700C22A86 /* libCareService.a */ = {
			isa = PBXReferenceProxy;
			fileType = archive.ar;
			path = libCareService.a;
			remoteRef = D4FF19590D9635A700C22A86 /* PBXContainerItemProxy */;
			sourceTree = BUILT_PRODUCTS_DIR;
		};
		D4FF7E180F45ADC8006F4025 /* PhraseEditorTiger.app */ = {
			isa = PBXReferenceProxy;
			fileType = wrapper.application;
			path = PhraseEditorTiger.app;
			remoteRef = D4FF7E170F45ADC8006F4025 /* PBXContainerItemProxy */;
			sourceTree = BUILT_PRODUCTS_DIR;
		};
		D4FF7E1A0F45ADC8006F4025 /* YKAFWordCount.bundle */ = {
			isa = PBXReferenceProxy;
			fileType = wrapper.cfbundle;
			path = YKAFWordCount.bundle;
			remoteRef = D4FF7E190F45ADC8006F4025 /* PBXContainerItemProxy */;
			sourceTree = BUILT_PRODUCTS_DIR;
		};
/* End PBXReferenceProxy section */

/* Begin PBXResourcesBuildPhase section */
		6AE06ABE0D8A1CEA00941AF6 /* Resources */ = {
			isa = PBXResourcesBuildPhase;
			buildActionMask = 2147483647;
			files = (
			);
			runOnlyForDeploymentPostprocessing = 0;
		};
		D49BD5060E8911D300850548 /* Resources */ = {
			isa = PBXResourcesBuildPhase;
			buildActionMask = 2147483647;
			files = (
			);
			runOnlyForDeploymentPostprocessing = 0;
		};
/* End PBXResourcesBuildPhase section */

/* Begin PBXSourcesBuildPhase section */
		6AE06ABF0D8A1CEA00941AF6 /* Sources */ = {
			isa = PBXSourcesBuildPhase;
			buildActionMask = 2147483647;
			files = (
				6AE06ACE0D8A1D4A00941AF6 /* OVOFEscape.cpp in Sources */,
				6AE06ACF0D8A1D4A00941AF6 /* PackageMain.cpp in Sources */,
			);
			runOnlyForDeploymentPostprocessing = 0;
		};
		D49BD5070E8911D300850548 /* Sources */ = {
			isa = PBXSourcesBuildPhase;
			buildActionMask = 2147483647;
			files = (
				D49BD51E0E89129E00850548 /* PackageMain.cpp in Sources */,
				D49BD51D0E89129100850548 /* YKAFWordCount.cpp in Sources */,
			);
			runOnlyForDeploymentPostprocessing = 0;
		};
/* End PBXSourcesBuildPhase section */

/* Begin PBXTargetDependency section */
		6AE06B270D8A1F5700941AF6 /* PBXTargetDependency */ = {
			isa = PBXTargetDependency;
			name = "OpenVanilla (Framework)";
			targetProxy = 6AE06B260D8A1F5700941AF6 /* PBXContainerItemProxy */;
		};
		6AE06B290D8A1F5700941AF6 /* PBXTargetDependency */ = {
			isa = PBXTargetDependency;
			name = "OpenVanilla (Library)";
			targetProxy = 6AE06B280D8A1F5700941AF6 /* PBXContainerItemProxy */;
		};
		D49BD5370E89137800850548 /* PBXTargetDependency */ = {
			isa = PBXTargetDependency;
			name = "OpenVanilla (Framework)";
			targetProxy = D49BD5360E89137800850548 /* PBXContainerItemProxy */;
		};
		D49BD5390E89137800850548 /* PBXTargetDependency */ = {
			isa = PBXTargetDependency;
			name = "OpenVanilla (Library)";
			targetProxy = D49BD5380E89137800850548 /* PBXContainerItemProxy */;
		};
/* End PBXTargetDependency section */

/* Begin XCBuildConfiguration section */
		1DEB913F08733D840010E9CD /* Debug */ = {
			isa = XCBuildConfiguration;
			buildSettings = {
				ALWAYS_SEARCH_USER_PATHS = NO;
				ARCHS = "$(ARCHS_STANDARD_32_BIT)";
				GCC_OPTIMIZATION_LEVEL = 0;
				GCC_WARN_ABOUT_RETURN_TYPE = YES;
				GCC_WARN_UNUSED_VARIABLE = YES;
				ONLY_ACTIVE_ARCH = YES;
				PREBINDING = NO;
				SDKROOT = macosx10.5;
			};
			name = Debug;
		};
		1DEB914008733D840010E9CD /* Release */ = {
			isa = XCBuildConfiguration;
			buildSettings = {
				ALWAYS_SEARCH_USER_PATHS = NO;
				ARCHS = "$(ARCHS_STANDARD_32_BIT)";
				GCC_WARN_ABOUT_RETURN_TYPE = YES;
				GCC_WARN_UNUSED_VARIABLE = YES;
				PREBINDING = NO;
				SDKROOT = macosx10.5;
			};
			name = Release;
		};
		6AE06AC50D8A1CEB00941AF6 /* Debug */ = {
			isa = XCBuildConfiguration;
			buildSettings = {
				ALWAYS_SEARCH_USER_PATHS = NO;
				ARCHS = "$(ARCHS_STANDARD_32_BIT)";
				COPY_PHASE_STRIP = NO;
				GCC_DYNAMIC_NO_PIC = NO;
				GCC_ENABLE_FIX_AND_CONTINUE = YES;
				GCC_MODEL_TUNING = G5;
				GCC_OPTIMIZATION_LEVEL = 0;
				GCC_PRECOMPILE_PREFIX_HEADER = YES;
				GCC_PREFIX_HEADER = "$(SYSTEM_LIBRARY_DIR)/Frameworks/Carbon.framework/Headers/Carbon.h";
				INFOPLIST_FILE = "ModulePackages/OVOFEscape/OVOFEscapePackage-Info.plist";
				INSTALL_PATH = "$(HOME)/Library/Bundles";
				OTHER_LDFLAGS = (
					"-framework",
					Carbon,
				);
				PREBINDING = NO;
				PRODUCT_NAME = OVOFEscapePackage;
				SDKROOT = macosx10.4;
				WRAPPER_EXTENSION = bundle;
			};
			name = Debug;
		};
		6AE06AC60D8A1CEB00941AF6 /* Release */ = {
			isa = XCBuildConfiguration;
			buildSettings = {
				ALWAYS_SEARCH_USER_PATHS = NO;
				ARCHS = "$(ARCHS_STANDARD_32_BIT)";
				COPY_PHASE_STRIP = YES;
				DEBUG_INFORMATION_FORMAT = "dwarf-with-dsym";
				GCC_ENABLE_FIX_AND_CONTINUE = NO;
				GCC_MODEL_TUNING = G5;
				GCC_PRECOMPILE_PREFIX_HEADER = YES;
				GCC_PREFIX_HEADER = "$(SYSTEM_LIBRARY_DIR)/Frameworks/Carbon.framework/Headers/Carbon.h";
				INFOPLIST_FILE = "ModulePackages/OVOFEscape/OVOFEscapePackage-Info.plist";
				INSTALL_PATH = "$(HOME)/Library/Bundles";
				OTHER_LDFLAGS = (
					"-framework",
					Carbon,
				);
				PREBINDING = NO;
				PRODUCT_NAME = OVOFEscapePackage;
				SDKROOT = macosx10.4;
				WRAPPER_EXTENSION = bundle;
				ZERO_LINK = NO;
			};
			name = Release;
		};
		D49BD50C0E8911D400850548 /* Debug */ = {
			isa = XCBuildConfiguration;
			buildSettings = {
				ALWAYS_SEARCH_USER_PATHS = NO;
				COPY_PHASE_STRIP = NO;
				GCC_DYNAMIC_NO_PIC = NO;
				GCC_ENABLE_FIX_AND_CONTINUE = YES;
				GCC_MODEL_TUNING = G5;
				GCC_OPTIMIZATION_LEVEL = 0;
				GCC_PRECOMPILE_PREFIX_HEADER = YES;
				GCC_PREFIX_HEADER = "$(SYSTEM_LIBRARY_DIR)/Frameworks/Carbon.framework/Headers/Carbon.h";
				INFOPLIST_FILE = "ModulePackages/YKAFWordCount/YKAFWordCountPackage-Info.plist";
				INSTALL_PATH = "$(HOME)/Library/Bundles";
				OTHER_LDFLAGS = (
					"-framework",
					Carbon,
				);
				PREBINDING = NO;
				PRODUCT_NAME = YKAFWordCountPackage;
				WRAPPER_EXTENSION = bundle;
			};
			name = Debug;
		};
		D49BD50D0E8911D400850548 /* Release */ = {
			isa = XCBuildConfiguration;
			buildSettings = {
				ALWAYS_SEARCH_USER_PATHS = NO;
				COPY_PHASE_STRIP = YES;
				DEBUG_INFORMATION_FORMAT = "dwarf-with-dsym";
				GCC_ENABLE_FIX_AND_CONTINUE = NO;
				GCC_MODEL_TUNING = G5;
				GCC_PRECOMPILE_PREFIX_HEADER = YES;
				GCC_PREFIX_HEADER = "$(SYSTEM_LIBRARY_DIR)/Frameworks/Carbon.framework/Headers/Carbon.h";
				INFOPLIST_FILE = "ModulePackages/YKAFWordCount/YKAFWordCountPackage-Info.plist";
				INSTALL_PATH = "$(HOME)/Library/Bundles";
				OTHER_LDFLAGS = (
					"-framework",
					Carbon,
				);
				PREBINDING = NO;
				PRODUCT_NAME = YKAFWordCountPackage;
				WRAPPER_EXTENSION = bundle;
				ZERO_LINK = NO;
			};
			name = Release;
		};
/* End XCBuildConfiguration section */

/* Begin XCConfigurationList section */
		1DEB913E08733D840010E9CD /* Build configuration list for PBXProject "LithoglyphModules" */ = {
			isa = XCConfigurationList;
			buildConfigurations = (
				1DEB913F08733D840010E9CD /* Debug */,
				1DEB914008733D840010E9CD /* Release */,
			);
			defaultConfigurationIsVisible = 0;
			defaultConfigurationName = Release;
		};
		6AE06AC70D8A1CEB00941AF6 /* Build configuration list for PBXNativeTarget "OVOFEscapePackage" */ = {
			isa = XCConfigurationList;
			buildConfigurations = (
				6AE06AC50D8A1CEB00941AF6 /* Debug */,
				6AE06AC60D8A1CEB00941AF6 /* Release */,
			);
			defaultConfigurationIsVisible = 0;
			defaultConfigurationName = Release;
		};
		D49BD50E0E8911D400850548 /* Build configuration list for PBXNativeTarget "YKAFWordCountPackage" */ = {
			isa = XCConfigurationList;
			buildConfigurations = (
				D49BD50C0E8911D400850548 /* Debug */,
				D49BD50D0E8911D400850548 /* Release */,
			);
			defaultConfigurationIsVisible = 0;
			defaultConfigurationName = Release;
		};
/* End XCConfigurationList section */
	};
	rootObject = 089C1669FE841209C02AAC07 /* Project object */;
}
