
Microsoft Visual Studio Solution File, Format Version 9.00
# Visual Studio 2005
Project("{8BC9CEB8-8B4A-11D0-8D11-00A0C91BC942}") = "LIServerRPCInterface", "LIServerRPCInterface\LIServerRPCInterface.vcproj", "{28A5F23E-6FBF-4731-9268-96811A462489}"
EndProject
Project("{8BC9CEB8-8B4A-11D0-8D11-00A0C91BC942}") = "LIClientRPCInterface", "LIClientRPCInterface\LIClientRPCInterface.vcproj", "{27AB0D10-4948-446E-B9F1-C06923242AD6}"
EndProject
Project("{8BC9CEB8-8B4A-11D0-8D11-00A0C91BC942}") = "LIRPCHelper", "LIRPCHelper\LIRPCHelper.vcproj", "{2B3F0609-B774-4D78-AA36-6E7498C8B12C}"
EndProject
Project("{8BC9CEB8-8B4A-11D0-8D11-00A0C91BC942}") = "SampleServer", "SampleServer\SampleServer.vcproj", "{AEBD1463-073B-4CDE-954A-24A3AABA2385}"
	ProjectSection(ProjectDependencies) = postProject
		{2B3F0609-B774-4D78-AA36-6E7498C8B12C} = {2B3F0609-B774-4D78-AA36-6E7498C8B12C}
		{27AB0D10-4948-446E-B9F1-C06923242AD6} = {27AB0D10-4948-446E-B9F1-C06923242AD6}
		{28A5F23E-6FBF-4731-9268-96811A462489} = {28A5F23E-6FBF-4731-9268-96811A462489}
	EndProjectSection
EndProject
Project("{8BC9CEB8-8B4A-11D0-8D11-00A0C91BC942}") = "SampleClient", "SampleClient\SampleClient.vcproj", "{013477B0-46CA-45E6-AFDC-839E6306C63A}"
EndProject
Global
	GlobalSection(SolutionConfigurationPlatforms) = preSolution
		Debug|Win32 = Debug|Win32
		Release|Win32 = Release|Win32
	EndGlobalSection
	GlobalSection(ProjectConfigurationPlatforms) = postSolution
		{28A5F23E-6FBF-4731-9268-96811A462489}.Debug|Win32.ActiveCfg = Debug|Win32
		{28A5F23E-6FBF-4731-9268-96811A462489}.Debug|Win32.Build.0 = Debug|Win32
		{28A5F23E-6FBF-4731-9268-96811A462489}.Release|Win32.ActiveCfg = Release|Win32
		{28A5F23E-6FBF-4731-9268-96811A462489}.Release|Win32.Build.0 = Release|Win32
		{27AB0D10-4948-446E-B9F1-C06923242AD6}.Debug|Win32.ActiveCfg = Debug|Win32
		{27AB0D10-4948-446E-B9F1-C06923242AD6}.Debug|Win32.Build.0 = Debug|Win32
		{27AB0D10-4948-446E-B9F1-C06923242AD6}.Release|Win32.ActiveCfg = Release|Win32
		{27AB0D10-4948-446E-B9F1-C06923242AD6}.Release|Win32.Build.0 = Release|Win32
		{2B3F0609-B774-4D78-AA36-6E7498C8B12C}.Debug|Win32.ActiveCfg = Debug|Win32
		{2B3F0609-B774-4D78-AA36-6E7498C8B12C}.Debug|Win32.Build.0 = Debug|Win32
		{2B3F0609-B774-4D78-AA36-6E7498C8B12C}.Release|Win32.ActiveCfg = Release|Win32
		{2B3F0609-B774-4D78-AA36-6E7498C8B12C}.Release|Win32.Build.0 = Release|Win32
		{AEBD1463-073B-4CDE-954A-24A3AABA2385}.Debug|Win32.ActiveCfg = Debug|Win32
		{AEBD1463-073B-4CDE-954A-24A3AABA2385}.Debug|Win32.Build.0 = Debug|Win32
		{AEBD1463-073B-4CDE-954A-24A3AABA2385}.Release|Win32.ActiveCfg = Release|Win32
		{AEBD1463-073B-4CDE-954A-24A3AABA2385}.Release|Win32.Build.0 = Release|Win32
		{013477B0-46CA-45E6-AFDC-839E6306C63A}.Debug|Win32.ActiveCfg = Debug|Win32
		{013477B0-46CA-45E6-AFDC-839E6306C63A}.Debug|Win32.Build.0 = Debug|Win32
		{013477B0-46CA-45E6-AFDC-839E6306C63A}.Release|Win32.ActiveCfg = Release|Win32
		{013477B0-46CA-45E6-AFDC-839E6306C63A}.Release|Win32.Build.0 = Release|Win32
	EndGlobalSection
	GlobalSection(SolutionProperties) = preSolution
		HideSolutionNode = FALSE
	EndGlobalSection
EndGlobal
