// !$*UTF8*$!
{
	archiveVersion = 1;
	classes = {
	};
	objectVersion = 45;
	objects = {

/* Begin PBXBuildFile section */
		6A7E649F0E1B9E2F0071ED92 /* NSData+LFHTTPFormExtensions.h in Headers */ = {isa = PBXBuildFile; fileRef = 6A7E649E0E1B9E2F0071ED92 /* NSData+LFHTTPFormExtensions.h */; settings = {ATTRIBUTES = (Public, ); }; };
		6A7E64A10E1B9E390071ED92 /* NSData+LFHTTPFormExtensions.m in Sources */ = {isa = PBXBuildFile; fileRef = 6A7E64A00E1B9E390071ED92 /* NSData+LFHTTPFormExtensions.m */; };
		6A8EAD290E1ACE7700A90898 /* RequestTouch in Resources */ = {isa = PBXBuildFile; fileRef = 6A8EAD280E1ACE7700A90898 /* RequestTouch */; };
		6AAC89D50E1A4C6800CA55AF /* CoreFoundation.framework in Frameworks */ = {isa = PBXBuildFile; fileRef = 6AAC89D40E1A4C6800CA55AF /* CoreFoundation.framework */; };
		6AAC89E80E1A648400CA55AF /* main.m in Sources */ = {isa = PBXBuildFile; fileRef = 6AAC89E70E1A648400CA55AF /* main.m */; };
		6AAC8A120E1A650200CA55AF /* Cocoa.framework in Frameworks */ = {isa = PBXBuildFile; fileRef = 6AAC8A110E1A650200CA55AF /* Cocoa.framework */; };
		6AAC8A480E1A6A5300CA55AF /* LFHTTPRequest.m in Sources */ = {isa = PBXBuildFile; fileRef = 6AAC8A470E1A6A5300CA55AF /* LFHTTPRequest.m */; };
		6AAC8A4C0E1A6A5E00CA55AF /* LFHTTPRequest.h in Headers */ = {isa = PBXBuildFile; fileRef = 6AAC8A4A0E1A6A5E00CA55AF /* LFHTTPRequest.h */; settings = {ATTRIBUTES = (Public, ); }; };
		6AAC8A4D0E1A6A5E00CA55AF /* LFWebAPIToolbox.h in Headers */ = {isa = PBXBuildFile; fileRef = 6AAC8A4B0E1A6A5E00CA55AF /* LFWebAPIToolbox.h */; settings = {ATTRIBUTES = (Public, ); }; };
		6AAC8A500E1A6AB500CA55AF /* MainController.m in Sources */ = {isa = PBXBuildFile; fileRef = 6AAC8A4F0E1A6AB500CA55AF /* MainController.m */; };
		6AAC8A520E1A6AE400CA55AF /* LFWebAPIToolbox.framework in Frameworks */ = {isa = PBXBuildFile; fileRef = 8DC2EF5B0486A6940098B216 /* LFWebAPIToolbox.framework */; };
		6AAC8A560E1A6AF200CA55AF /* LFWebAPIToolbox.framework in CopyFiles */ = {isa = PBXBuildFile; fileRef = 8DC2EF5B0486A6940098B216 /* LFWebAPIToolbox.framework */; };
		6AAC8ADD0E1A833500CA55AF /* Foundation.framework in Frameworks */ = {isa = PBXBuildFile; fileRef = 0867D69BFE84028FC02AAC07 /* Foundation.framework */; };
		6AAC8B180E1A839A00CA55AF /* CoreServices.framework in Frameworks */ = {isa = PBXBuildFile; fileRef = 6AAC8B160E1A839A00CA55AF /* CoreServices.framework */; };
		6AAC8BED0E1A845D00CA55AF /* MainMenu.xib in Resources */ = {isa = PBXBuildFile; fileRef = 6AAC8BEB0E1A845D00CA55AF /* MainMenu.xib */; };
		6AAC8BEE0E1A845D00CA55AF /* MainMenu.xib in Resources */ = {isa = PBXBuildFile; fileRef = 6AAC8BEB0E1A845D00CA55AF /* MainMenu.xib */; };
		6AAC8C410E1A8A3600CA55AF /* SystemConfiguration.framework in Frameworks */ = {isa = PBXBuildFile; fileRef = 6AAC8C400E1A8A3600CA55AF /* SystemConfiguration.framework */; };
		8DC2EF530486A6940098B216 /* InfoPlist.strings in Resources */ = {isa = PBXBuildFile; fileRef = 089C1666FE841158C02AAC07 /* InfoPlist.strings */; };
/* End PBXBuildFile section */

/* Begin PBXContainerItemProxy section */
		6AAC8A580E1A6B0200CA55AF /* PBXContainerItemProxy */ = {
			isa = PBXContainerItemProxy;
			containerPortal = 0867D690FE84028FC02AAC07 /* Project object */;
			proxyType = 1;
			remoteGlobalIDString = 8DC2EF4F0486A6940098B216;
			remoteInfo = LFWebAPIToolbox;
		};
/* End PBXContainerItemProxy section */

/* Begin PBXCopyFilesBuildPhase section */
		6AAC8A720E1A6B2D00CA55AF /* CopyFiles */ = {
			isa = PBXCopyFilesBuildPhase;
			buildActionMask = 2147483647;
			dstPath = "";
			dstSubfolderSpec = 10;
			files = (
				6AAC8A560E1A6AF200CA55AF /* LFWebAPIToolbox.framework in CopyFiles */,
			);
			runOnlyForDeploymentPostprocessing = 0;
		};
/* End PBXCopyFilesBuildPhase section */

/* Begin PBXFileReference section */
		0867D69BFE84028FC02AAC07 /* Foundation.framework */ = {isa = PBXFileReference; lastKnownFileType = wrapper.framework; name = Foundation.framework; path = /System/Library/Frameworks/Foundation.framework; sourceTree = "<absolute>"; };
		089C1667FE841158C02AAC07 /* InfoPlist.strings */ = {isa = PBXFileReference; fileEncoding = 10; lastKnownFileType = text.plist.strings; name = InfoPlist.strings; path = Resources/English.lproj/InfoPlist.strings; sourceTree = "<group>"; };
		32DBCF5E0370ADEE00C91783 /* LFWebAPIToolbox_Prefix.pch */ = {isa = PBXFileReference; fileEncoding = 4; lastKnownFileType = sourcecode.c.h; name = LFWebAPIToolbox_Prefix.pch; path = Source/LFWebAPIToolbox_Prefix.pch; sourceTree = "<group>"; };
		6A7E649E0E1B9E2F0071ED92 /* NSData+LFHTTPFormExtensions.h */ = {isa = PBXFileReference; fileEncoding = 4; lastKnownFileType = sourcecode.c.h; name = "NSData+LFHTTPFormExtensions.h"; path = "Headers/NSData+LFHTTPFormExtensions.h"; sourceTree = "<group>"; };
		6A7E64A00E1B9E390071ED92 /* NSData+LFHTTPFormExtensions.m */ = {isa = PBXFileReference; fileEncoding = 4; lastKnownFileType = sourcecode.c.objc; name = "NSData+LFHTTPFormExtensions.m"; path = "Source/NSData+LFHTTPFormExtensions.m"; sourceTree = "<group>"; };
		6A8EAD220E1ACE4800A90898 /* RequestTouch.app */ = {isa = PBXFileReference; explicitFileType = wrapper.application; includeInIndex = 0; path = RequestTouch.app; sourceTree = BUILT_PRODUCTS_DIR; };
		6A8EAD240E1ACE4800A90898 /* RequestTouch-Info.plist */ = {isa = PBXFileReference; lastKnownFileType = text.plist.xml; name = "RequestTouch-Info.plist"; path = "Tools/RequestTouch/RequestTouch-Info.plist"; sourceTree = "<group>"; };
		6A8EAD280E1ACE7700A90898 /* RequestTouch */ = {isa = PBXFileReference; lastKnownFileType = folder; name = RequestTouch; path = Tools/RequestTouch; sourceTree = "<group>"; };
		6A8EAD320E1ACE9C00A90898 /* libLFWebAPIToolbox.a */ = {isa = PBXFileReference; explicitFileType = archive.ar; includeInIndex = 0; path = libLFWebAPIToolbox.a; sourceTree = BUILT_PRODUCTS_DIR; };
		6AAC89D40E1A4C6800CA55AF /* CoreFoundation.framework */ = {isa = PBXFileReference; lastKnownFileType = wrapper.framework; name = CoreFoundation.framework; path = /System/Library/Frameworks/CoreFoundation.framework; sourceTree = "<absolute>"; };
		6AAC89DD0E1A644C00CA55AF /* HTTPRequestTest.app */ = {isa = PBXFileReference; explicitFileType = wrapper.application; includeInIndex = 0; path = HTTPRequestTest.app; sourceTree = BUILT_PRODUCTS_DIR; };
		6AAC89DF0E1A644C00CA55AF /* HTTPRequestTest-Info.plist */ = {isa = PBXFileReference; lastKnownFileType = text.plist.xml; name = "HTTPRequestTest-Info.plist"; path = "Tools/HTTPRequestTest/HTTPRequestTest-Info.plist"; sourceTree = "<group>"; };
		6AAC89E70E1A648400CA55AF /* main.m */ = {isa = PBXFileReference; fileEncoding = 4; lastKnownFileType = sourcecode.c.objc; name = main.m; path = Tools/HTTPRequestTest/main.m; sourceTree = "<group>"; };
		6AAC8A110E1A650200CA55AF /* Cocoa.framework */ = {isa = PBXFileReference; lastKnownFileType = wrapper.framework; name = Cocoa.framework; path = /System/Library/Frameworks/Cocoa.framework; sourceTree = "<absolute>"; };
		6AAC8A130E1A653900CA55AF /* HTTPRequestTest_Prefix.pch */ = {isa = PBXFileReference; fileEncoding = 4; lastKnownFileType = sourcecode.c.h; name = HTTPRequestTest_Prefix.pch; path = Tools/HTTPRequestTest/HTTPRequestTest_Prefix.pch; sourceTree = "<group>"; };
		6AAC8A470E1A6A5300CA55AF /* LFHTTPRequest.m */ = {isa = PBXFileReference; fileEncoding = 4; lastKnownFileType = sourcecode.c.objc; name = LFHTTPRequest.m; path = Source/LFHTTPRequest.m; sourceTree = "<group>"; };
		6AAC8A4A0E1A6A5E00CA55AF /* LFHTTPRequest.h */ = {isa = PBXFileReference; fileEncoding = 4; lastKnownFileType = sourcecode.c.h; name = LFHTTPRequest.h; path = Headers/LFHTTPRequest.h; sourceTree = "<group>"; };
		6AAC8A4B0E1A6A5E00CA55AF /* LFWebAPIToolbox.h */ = {isa = PBXFileReference; fileEncoding = 4; lastKnownFileType = sourcecode.c.h; name = LFWebAPIToolbox.h; path = Headers/LFWebAPIToolbox.h; sourceTree = "<group>"; };
		6AAC8A4E0E1A6AB500CA55AF /* MainController.h */ = {isa = PBXFileReference; fileEncoding = 4; lastKnownFileType = sourcecode.c.h; name = MainController.h; path = Tools/HTTPRequestTest/MainController.h; sourceTree = "<group>"; };
		6AAC8A4F0E1A6AB500CA55AF /* MainController.m */ = {isa = PBXFileReference; fileEncoding = 4; lastKnownFileType = sourcecode.c.objc; name = MainController.m; path = Tools/HTTPRequestTest/MainController.m; sourceTree = "<group>"; };
		6AAC8B160E1A839A00CA55AF /* CoreServices.framework */ = {isa = PBXFileReference; lastKnownFileType = wrapper.framework; name = CoreServices.framework; path = /System/Library/Frameworks/CoreServices.framework; sourceTree = "<absolute>"; };
		6AAC8BEC0E1A845D00CA55AF /* English */ = {isa = PBXFileReference; lastKnownFileType = file.xib; name = English; path = Tools/HTTPRequestTest/English.lproj/MainMenu.xib; sourceTree = "<group>"; };
		6AAC8C400E1A8A3600CA55AF /* SystemConfiguration.framework */ = {isa = PBXFileReference; lastKnownFileType = wrapper.framework; name = SystemConfiguration.framework; path = /System/Library/Frameworks/SystemConfiguration.framework; sourceTree = "<absolute>"; };
		8DC2EF5A0486A6940098B216 /* Info.plist */ = {isa = PBXFileReference; fileEncoding = 4; lastKnownFileType = text.plist.xml; name = Info.plist; path = Resources/Info.plist; sourceTree = "<group>"; };
		8DC2EF5B0486A6940098B216 /* LFWebAPIToolbox.framework */ = {isa = PBXFileReference; explicitFileType = wrapper.framework; includeInIndex = 0; path = LFWebAPIToolbox.framework; sourceTree = BUILT_PRODUCTS_DIR; };
/* End PBXFileReference section */

/* Begin PBXFrameworksBuildPhase section */
		6A8EAD200E1ACE4800A90898 /* Frameworks */ = {
			isa = PBXFrameworksBuildPhase;
			buildActionMask = 2147483647;
			files = (
			);
			runOnlyForDeploymentPostprocessing = 0;
		};
		6A8EAD300E1ACE9C00A90898 /* Frameworks */ = {
			isa = PBXFrameworksBuildPhase;
			buildActionMask = 2147483647;
			files = (
			);
			runOnlyForDeploymentPostprocessing = 0;
		};
		6AAC89DB0E1A644C00CA55AF /* Frameworks */ = {
			isa = PBXFrameworksBuildPhase;
			buildActionMask = 2147483647;
			files = (
				6AAC8A520E1A6AE400CA55AF /* LFWebAPIToolbox.framework in Frameworks */,
				6AAC8A120E1A650200CA55AF /* Cocoa.framework in Frameworks */,
			);
			runOnlyForDeploymentPostprocessing = 0;
		};
		8DC2EF560486A6940098B216 /* Frameworks */ = {
			isa = PBXFrameworksBuildPhase;
			buildActionMask = 2147483647;
			files = (
				6AAC8ADD0E1A833500CA55AF /* Foundation.framework in Frameworks */,
				6AAC89D50E1A4C6800CA55AF /* CoreFoundation.framework in Frameworks */,
				6AAC8B180E1A839A00CA55AF /* CoreServices.framework in Frameworks */,
				6AAC8C410E1A8A3600CA55AF /* SystemConfiguration.framework in Frameworks */,
			);
			runOnlyForDeploymentPostprocessing = 0;
		};
/* End PBXFrameworksBuildPhase section */

/* Begin PBXGroup section */
		034768DFFF38A50411DB9C8B /* Products */ = {
			isa = PBXGroup;
			children = (
				8DC2EF5B0486A6940098B216 /* LFWebAPIToolbox.framework */,
				6AAC89DD0E1A644C00CA55AF /* HTTPRequestTest.app */,
				6A8EAD220E1ACE4800A90898 /* RequestTouch.app */,
				6A8EAD320E1ACE9C00A90898 /* libLFWebAPIToolbox.a */,
			);
			name = Products;
			sourceTree = "<group>";
		};
		0867D691FE84028FC02AAC07 /* LFWebAPIToolbox */ = {
			isa = PBXGroup;
			children = (
				6AAC88840E1A4C1F00CA55AF /* Tools */,
				6AAC88830E1A4C1A00CA55AF /* Source */,
				6AAC88820E1A4C1500CA55AF /* Headers */,
				32C88DFF0371C24200C91783 /* Other Sources */,
				089C1665FE841158C02AAC07 /* Resources */,
				0867D69AFE84028FC02AAC07 /* External Frameworks and Libraries */,
				034768DFFF38A50411DB9C8B /* Products */,
			);
			name = LFWebAPIToolbox;
			sourceTree = "<group>";
		};
		0867D69AFE84028FC02AAC07 /* External Frameworks and Libraries */ = {
			isa = PBXGroup;
			children = (
				6AAC8C400E1A8A3600CA55AF /* SystemConfiguration.framework */,
				6AAC8B160E1A839A00CA55AF /* CoreServices.framework */,
				6AAC8A110E1A650200CA55AF /* Cocoa.framework */,
				6AAC89D40E1A4C6800CA55AF /* CoreFoundation.framework */,
				0867D69BFE84028FC02AAC07 /* Foundation.framework */,
			);
			name = "External Frameworks and Libraries";
			sourceTree = "<group>";
		};
		089C1665FE841158C02AAC07 /* Resources */ = {
			isa = PBXGroup;
			children = (
				8DC2EF5A0486A6940098B216 /* Info.plist */,
				089C1666FE841158C02AAC07 /* InfoPlist.strings */,
			);
			name = Resources;
			sourceTree = "<group>";
		};
		32C88DFF0371C24200C91783 /* Other Sources */ = {
			isa = PBXGroup;
			children = (
			);
			name = "Other Sources";
			sourceTree = "<group>";
		};
		6A8EAD190E1ACDFA00A90898 /* RequestTouch */ = {
			isa = PBXGroup;
			children = (
				6A8EAD280E1ACE7700A90898 /* RequestTouch */,
				6A8EAD240E1ACE4800A90898 /* RequestTouch-Info.plist */,
			);
			name = RequestTouch;
			sourceTree = "<group>";
		};
		6AAC88820E1A4C1500CA55AF /* Headers */ = {
			isa = PBXGroup;
			children = (
				6A7E649E0E1B9E2F0071ED92 /* NSData+LFHTTPFormExtensions.h */,
				6AAC8A4A0E1A6A5E00CA55AF /* LFHTTPRequest.h */,
				6AAC8A4B0E1A6A5E00CA55AF /* LFWebAPIToolbox.h */,
			);
			name = Headers;
			sourceTree = "<group>";
		};
		6AAC88830E1A4C1A00CA55AF /* Source */ = {
			isa = PBXGroup;
			children = (
				6A7E64A00E1B9E390071ED92 /* NSData+LFHTTPFormExtensions.m */,
				6AAC8A470E1A6A5300CA55AF /* LFHTTPRequest.m */,
				32DBCF5E0370ADEE00C91783 /* LFWebAPIToolbox_Prefix.pch */,
			);
			name = Source;
			sourceTree = "<group>";
		};
		6AAC88840E1A4C1F00CA55AF /* Tools */ = {
			isa = PBXGroup;
			children = (
				6A8EAD190E1ACDFA00A90898 /* RequestTouch */,
				6AAC89D80E1A60E200CA55AF /* HTTPRequestTest */,
			);
			name = Tools;
			sourceTree = "<group>";
		};
		6AAC89D80E1A60E200CA55AF /* HTTPRequestTest */ = {
			isa = PBXGroup;
			children = (
				6AAC8BEB0E1A845D00CA55AF /* MainMenu.xib */,
				6AAC89E70E1A648400CA55AF /* main.m */,
				6AAC8A130E1A653900CA55AF /* HTTPRequestTest_Prefix.pch */,
				6AAC89DF0E1A644C00CA55AF /* HTTPRequestTest-Info.plist */,
				6AAC8A4E0E1A6AB500CA55AF /* MainController.h */,
				6AAC8A4F0E1A6AB500CA55AF /* MainController.m */,
			);
			name = HTTPRequestTest;
			sourceTree = "<group>";
		};
/* End PBXGroup section */

/* Begin PBXHeadersBuildPhase section */
		6A8EAD2E0E1ACE9C00A90898 /* Headers */ = {
			isa = PBXHeadersBuildPhase;
			buildActionMask = 2147483647;
			files = (
			);
			runOnlyForDeploymentPostprocessing = 0;
		};
		8DC2EF500486A6940098B216 /* Headers */ = {
			isa = PBXHeadersBuildPhase;
			buildActionMask = 2147483647;
			files = (
				6AAC8A4C0E1A6A5E00CA55AF /* LFHTTPRequest.h in Headers */,
				6AAC8A4D0E1A6A5E00CA55AF /* LFWebAPIToolbox.h in Headers */,
				6A7E649F0E1B9E2F0071ED92 /* NSData+LFHTTPFormExtensions.h in Headers */,
			);
			runOnlyForDeploymentPostprocessing = 0;
		};
/* End PBXHeadersBuildPhase section */

/* Begin PBXNativeTarget section */
		6A8EAD210E1ACE4800A90898 /* RequestTouch */ = {
			isa = PBXNativeTarget;
			buildConfigurationList = 6A8EAD270E1ACE4900A90898 /* Build configuration list for PBXNativeTarget "RequestTouch" */;
			buildPhases = (
				6A8EAD1E0E1ACE4800A90898 /* Resources */,
				6A8EAD1F0E1ACE4800A90898 /* Sources */,
				6A8EAD200E1ACE4800A90898 /* Frameworks */,
			);
			buildRules = (
			);
			dependencies = (
			);
			name = RequestTouch;
			productName = RequestTouch;
			productReference = 6A8EAD220E1ACE4800A90898 /* RequestTouch.app */;
			productType = "com.apple.product-type.application";
		};
		6A8EAD310E1ACE9C00A90898 /* LFWebAPIToolbox.a (iPhone) */ = {
			isa = PBXNativeTarget;
			buildConfigurationList = 6A8EAD3D0E1ACEB500A90898 /* Build configuration list for PBXNativeTarget "LFWebAPIToolbox.a (iPhone)" */;
			buildPhases = (
				6A8EAD2E0E1ACE9C00A90898 /* Headers */,
				6A8EAD2F0E1ACE9C00A90898 /* Sources */,
				6A8EAD300E1ACE9C00A90898 /* Frameworks */,
			);
			buildRules = (
			);
			dependencies = (
			);
			name = "LFWebAPIToolbox.a (iPhone)";
			productName = LFWebAPIToolbox;
			productReference = 6A8EAD320E1ACE9C00A90898 /* libLFWebAPIToolbox.a */;
			productType = "com.apple.product-type.library.static";
		};
		6AAC89DC0E1A644C00CA55AF /* HTTPRequestTest */ = {
			isa = PBXNativeTarget;
			buildConfigurationList = 6AAC89E20E1A644E00CA55AF /* Build configuration list for PBXNativeTarget "HTTPRequestTest" */;
			buildPhases = (
				6AAC89D90E1A644C00CA55AF /* Resources */,
				6AAC89DA0E1A644C00CA55AF /* Sources */,
				6AAC89DB0E1A644C00CA55AF /* Frameworks */,
				6AAC8A720E1A6B2D00CA55AF /* CopyFiles */,
			);
			buildRules = (
			);
			dependencies = (
				6AAC8A590E1A6B0200CA55AF /* PBXTargetDependency */,
			);
			name = HTTPRequestTest;
			productName = HTTPRequestTest;
			productReference = 6AAC89DD0E1A644C00CA55AF /* HTTPRequestTest.app */;
			productType = "com.apple.product-type.application";
		};
		8DC2EF4F0486A6940098B216 /* LFWebAPIToolbox.framework */ = {
			isa = PBXNativeTarget;
			buildConfigurationList = 1DEB91AD08733DA50010E9CD /* Build configuration list for PBXNativeTarget "LFWebAPIToolbox.framework" */;
			buildPhases = (
				8DC2EF500486A6940098B216 /* Headers */,
				8DC2EF520486A6940098B216 /* Resources */,
				8DC2EF540486A6940098B216 /* Sources */,
				8DC2EF560486A6940098B216 /* Frameworks */,
			);
			buildRules = (
			);
			dependencies = (
			);
			name = LFWebAPIToolbox.framework;
			productInstallPath = "$(HOME)/Library/Frameworks";
			productName = LFWebAPIToolbox;
			productReference = 8DC2EF5B0486A6940098B216 /* LFWebAPIToolbox.framework */;
			productType = "com.apple.product-type.framework";
		};
/* End PBXNativeTarget section */

/* Begin PBXProject section */
		0867D690FE84028FC02AAC07 /* Project object */ = {
			isa = PBXProject;
			buildConfigurationList = 1DEB91B108733DA50010E9CD /* Build configuration list for PBXProject "LFWebAPIToolbox" */;
			compatibilityVersion = "Xcode 3.1";
			hasScannedForEncodings = 1;
			mainGroup = 0867D691FE84028FC02AAC07 /* LFWebAPIToolbox */;
			productRefGroup = 034768DFFF38A50411DB9C8B /* Products */;
			projectDirPath = "";
			projectRoot = "";
			targets = (
				8DC2EF4F0486A6940098B216 /* LFWebAPIToolbox.framework */,
				6AAC89DC0E1A644C00CA55AF /* HTTPRequestTest */,
				6A8EAD210E1ACE4800A90898 /* RequestTouch */,
				6A8EAD310E1ACE9C00A90898 /* LFWebAPIToolbox.a (iPhone) */,
			);
		};
/* End PBXProject section */

/* Begin PBXResourcesBuildPhase section */
		6A8EAD1E0E1ACE4800A90898 /* Resources */ = {
			isa = PBXResourcesBuildPhase;
			buildActionMask = 2147483647;
			files = (
				6A8EAD290E1ACE7700A90898 /* RequestTouch in Resources */,
			);
			runOnlyForDeploymentPostprocessing = 0;
		};
		6AAC89D90E1A644C00CA55AF /* Resources */ = {
			isa = PBXResourcesBuildPhase;
			buildActionMask = 2147483647;
			files = (
				6AAC8BED0E1A845D00CA55AF /* MainMenu.xib in Resources */,
			);
			runOnlyForDeploymentPostprocessing = 0;
		};
		8DC2EF520486A6940098B216 /* Resources */ = {
			isa = PBXResourcesBuildPhase;
			buildActionMask = 2147483647;
			files = (
				8DC2EF530486A6940098B216 /* InfoPlist.strings in Resources */,
				6AAC8BEE0E1A845D00CA55AF /* MainMenu.xib in Resources */,
			);
			runOnlyForDeploymentPostprocessing = 0;
		};
/* End PBXResourcesBuildPhase section */

/* Begin PBXSourcesBuildPhase section */
		6A8EAD1F0E1ACE4800A90898 /* Sources */ = {
			isa = PBXSourcesBuildPhase;
			buildActionMask = 2147483647;
			files = (
			);
			runOnlyForDeploymentPostprocessing = 0;
		};
		6A8EAD2F0E1ACE9C00A90898 /* Sources */ = {
			isa = PBXSourcesBuildPhase;
			buildActionMask = 2147483647;
			files = (
			);
			runOnlyForDeploymentPostprocessing = 0;
		};
		6AAC89DA0E1A644C00CA55AF /* Sources */ = {
			isa = PBXSourcesBuildPhase;
			buildActionMask = 2147483647;
			files = (
				6AAC89E80E1A648400CA55AF /* main.m in Sources */,
				6AAC8A500E1A6AB500CA55AF /* MainController.m in Sources */,
			);
			runOnlyForDeploymentPostprocessing = 0;
		};
		8DC2EF540486A6940098B216 /* Sources */ = {
			isa = PBXSourcesBuildPhase;
			buildActionMask = 2147483647;
			files = (
				6AAC8A480E1A6A5300CA55AF /* LFHTTPRequest.m in Sources */,
				6A7E64A10E1B9E390071ED92 /* NSData+LFHTTPFormExtensions.m in Sources */,
			);
			runOnlyForDeploymentPostprocessing = 0;
		};
/* End PBXSourcesBuildPhase section */

/* Begin PBXTargetDependency section */
		6AAC8A590E1A6B0200CA55AF /* PBXTargetDependency */ = {
			isa = PBXTargetDependency;
			target = 8DC2EF4F0486A6940098B216 /* LFWebAPIToolbox.framework */;
			targetProxy = 6AAC8A580E1A6B0200CA55AF /* PBXContainerItemProxy */;
		};
/* End PBXTargetDependency section */

/* Begin PBXVariantGroup section */
		089C1666FE841158C02AAC07 /* InfoPlist.strings */ = {
			isa = PBXVariantGroup;
			children = (
				089C1667FE841158C02AAC07 /* InfoPlist.strings */,
			);
			name = InfoPlist.strings;
			sourceTree = "<group>";
		};
		6AAC8BEB0E1A845D00CA55AF /* MainMenu.xib */ = {
			isa = PBXVariantGroup;
			children = (
				6AAC8BEC0E1A845D00CA55AF /* English */,
			);
			name = MainMenu.xib;
			sourceTree = "<group>";
		};
/* End PBXVariantGroup section */

/* Begin XCBuildConfiguration section */
		1DEB91AE08733DA50010E9CD /* Debug */ = {
			isa = XCBuildConfiguration;
			buildSettings = {
				ALWAYS_SEARCH_USER_PATHS = NO;
				COPY_PHASE_STRIP = NO;
				DYLIB_COMPATIBILITY_VERSION = 1;
				DYLIB_CURRENT_VERSION = 1;
				FRAMEWORK_VERSION = A;
				GCC_DYNAMIC_NO_PIC = NO;
				GCC_ENABLE_FIX_AND_CONTINUE = YES;
				GCC_MODEL_TUNING = G5;
				GCC_OPTIMIZATION_LEVEL = 0;
				GCC_PRECOMPILE_PREFIX_HEADER = YES;
				GCC_PREFIX_HEADER = Source/LFWebAPIToolbox_Prefix.pch;
				INFOPLIST_FILE = Resources/Info.plist;
				INSTALL_PATH = "@executable_path/../Frameworks";
				MACOSX_DEPLOYMENT_TARGET = 10.4;
				PRODUCT_NAME = LFWebAPIToolbox;
				WRAPPER_EXTENSION = framework;
			};
			name = Debug;
		};
		1DEB91AF08733DA50010E9CD /* Release */ = {
			isa = XCBuildConfiguration;
			buildSettings = {
				ALWAYS_SEARCH_USER_PATHS = NO;
				DEBUG_INFORMATION_FORMAT = "dwarf-with-dsym";
				DYLIB_COMPATIBILITY_VERSION = 1;
				DYLIB_CURRENT_VERSION = 1;
				FRAMEWORK_VERSION = A;
				GCC_MODEL_TUNING = G5;
				GCC_PRECOMPILE_PREFIX_HEADER = YES;
				GCC_PREFIX_HEADER = Source/LFWebAPIToolbox_Prefix.pch;
				INFOPLIST_FILE = Resources/Info.plist;
				INSTALL_PATH = "$(HOME)/Library/Frameworks";
				MACOSX_DEPLOYMENT_TARGET = 10.4;
				PRODUCT_NAME = LFWebAPIToolbox;
				WRAPPER_EXTENSION = framework;
			};
			name = Release;
		};
		1DEB91B208733DA50010E9CD /* Debug */ = {
			isa = XCBuildConfiguration;
			buildSettings = {
				ARCHS = "$(ARCHS_STANDARD_32_BIT)";
				GCC_C_LANGUAGE_STANDARD = c99;
				GCC_OPTIMIZATION_LEVEL = 0;
				GCC_WARN_ABOUT_RETURN_TYPE = YES;
				GCC_WARN_UNUSED_VARIABLE = YES;
				ONLY_ACTIVE_ARCH = YES;
				PREBINDING = NO;
				SDKROOT = macosx10.5;
			};
			name = Debug;
		};
		1DEB91B308733DA50010E9CD /* Release */ = {
			isa = XCBuildConfiguration;
			buildSettings = {
				ARCHS = "$(ARCHS_STANDARD_32_BIT)";
				GCC_C_LANGUAGE_STANDARD = c99;
				GCC_WARN_ABOUT_RETURN_TYPE = YES;
				GCC_WARN_UNUSED_VARIABLE = YES;
				PREBINDING = NO;
				SDKROOT = macosx10.5;
			};
			name = Release;
		};
		6A8EAD250E1ACE4900A90898 /* Debug */ = {
			isa = XCBuildConfiguration;
			buildSettings = {
				ALWAYS_SEARCH_USER_PATHS = NO;
				CODE_SIGN_IDENTITY = "iPhone Developer";
				COPY_PHASE_STRIP = NO;
				GCC_DYNAMIC_NO_PIC = NO;
				GCC_OPTIMIZATION_LEVEL = 0;
				GCC_PRECOMPILE_PREFIX_HEADER = YES;
				GCC_PREFIX_HEADER = "$(SYSTEM_LIBRARY_DIR)/Frameworks/UIKit.framework/Headers/UIKit.h";
				INFOPLIST_FILE = "Tools/RequestTouch/RequestTouch-Info.plist";
				INSTALL_PATH = "$(HOME)/Applications";
				OTHER_LDFLAGS = (
					"-framework",
					Foundation,
					"-framework",
					UIKit,
				);
				PREBINDING = NO;
				PRODUCT_NAME = RequestTouch;
				SDKROOT = iphoneos2.0;
			};
			name = Debug;
		};
		6A8EAD260E1ACE4900A90898 /* Release */ = {
			isa = XCBuildConfiguration;
			buildSettings = {
				ALWAYS_SEARCH_USER_PATHS = NO;
				CODE_SIGN_IDENTITY = "iPhone Developer";
				COPY_PHASE_STRIP = YES;
				DEBUG_INFORMATION_FORMAT = "dwarf-with-dsym";
				GCC_ENABLE_FIX_AND_CONTINUE = NO;
				GCC_PRECOMPILE_PREFIX_HEADER = YES;
				GCC_PREFIX_HEADER = "$(SYSTEM_LIBRARY_DIR)/Frameworks/UIKit.framework/Headers/UIKit.h";
				INFOPLIST_FILE = "Tools/RequestTouch/RequestTouch-Info.plist";
				INSTALL_PATH = "$(HOME)/Applications";
				OTHER_LDFLAGS = (
					"-framework",
					Foundation,
					"-framework",
					UIKit,
				);
				PREBINDING = NO;
				PRODUCT_NAME = RequestTouch;
				SDKROOT = iphoneos2.0;
				ZERO_LINK = NO;
			};
			name = Release;
		};
		6A8EAD330E1ACE9D00A90898 /* Debug */ = {
			isa = XCBuildConfiguration;
			buildSettings = {
				ALWAYS_SEARCH_USER_PATHS = NO;
				COPY_PHASE_STRIP = NO;
				GCC_DYNAMIC_NO_PIC = NO;
				GCC_OPTIMIZATION_LEVEL = 0;
				PREBINDING = NO;
				PRODUCT_NAME = LFWebAPIToolbox;
			};
			name = Debug;
		};
		6A8EAD340E1ACE9D00A90898 /* Release */ = {
			isa = XCBuildConfiguration;
			buildSettings = {
				ALWAYS_SEARCH_USER_PATHS = NO;
				COPY_PHASE_STRIP = YES;
				DEBUG_INFORMATION_FORMAT = "dwarf-with-dsym";
				GCC_ENABLE_FIX_AND_CONTINUE = NO;
				PREBINDING = NO;
				PRODUCT_NAME = LFWebAPIToolbox;
				ZERO_LINK = NO;
			};
			name = Release;
		};
		6AAC89E00E1A644E00CA55AF /* Debug */ = {
			isa = XCBuildConfiguration;
			buildSettings = {
				ALWAYS_SEARCH_USER_PATHS = NO;
				COPY_PHASE_STRIP = NO;
				DEPLOYMENT_POSTPROCESSING = NO;
				GCC_DYNAMIC_NO_PIC = NO;
				GCC_ENABLE_FIX_AND_CONTINUE = YES;
				GCC_MODEL_TUNING = G5;
				GCC_OPTIMIZATION_LEVEL = 0;
				GCC_PRECOMPILE_PREFIX_HEADER = YES;
				GCC_PREFIX_HEADER = "$(SYSTEM_LIBRARY_DIR)/Frameworks/AppKit.framework/Headers/AppKit.h";
				INFOPLIST_FILE = "Tools/HTTPRequestTest/HTTPRequestTest-Info.plist";
				INSTALL_PATH = "$(HOME)/Applications";
				MACOSX_DEPLOYMENT_TARGET = 10.4;
				OTHER_LDFLAGS = (
					"-framework",
					Foundation,
					"-framework",
					AppKit,
				);
				PREBINDING = NO;
				PRODUCT_NAME = HTTPRequestTest;
				SEPARATE_STRIP = NO;
				STRIP_INSTALLED_PRODUCT = NO;
			};
			name = Debug;
		};
		6AAC89E10E1A644E00CA55AF /* Release */ = {
			isa = XCBuildConfiguration;
			buildSettings = {
				ALWAYS_SEARCH_USER_PATHS = NO;
				COPY_PHASE_STRIP = NO;
				DEBUG_INFORMATION_FORMAT = "dwarf-with-dsym";
				DEPLOYMENT_POSTPROCESSING = NO;
				GCC_ENABLE_FIX_AND_CONTINUE = NO;
				GCC_MODEL_TUNING = G5;
				GCC_PRECOMPILE_PREFIX_HEADER = YES;
				GCC_PREFIX_HEADER = "$(SYSTEM_LIBRARY_DIR)/Frameworks/AppKit.framework/Headers/AppKit.h";
				INFOPLIST_FILE = "Tools/HTTPRequestTest/HTTPRequestTest-Info.plist";
				INSTALL_PATH = "$(HOME)/Applications";
				MACOSX_DEPLOYMENT_TARGET = 10.4;
				OTHER_LDFLAGS = (
					"-framework",
					Foundation,
					"-framework",
					AppKit,
				);
				PREBINDING = NO;
				PRODUCT_NAME = HTTPRequestTest;
				SEPARATE_STRIP = NO;
				STRIP_INSTALLED_PRODUCT = NO;
				ZERO_LINK = NO;
			};
			name = Release;
		};
/* End XCBuildConfiguration section */

/* Begin XCConfigurationList section */
		1DEB91AD08733DA50010E9CD /* Build configuration list for PBXNativeTarget "LFWebAPIToolbox.framework" */ = {
			isa = XCConfigurationList;
			buildConfigurations = (
				1DEB91AE08733DA50010E9CD /* Debug */,
				1DEB91AF08733DA50010E9CD /* Release */,
			);
			defaultConfigurationIsVisible = 0;
			defaultConfigurationName = Release;
		};
		1DEB91B108733DA50010E9CD /* Build configuration list for PBXProject "LFWebAPIToolbox" */ = {
			isa = XCConfigurationList;
			buildConfigurations = (
				1DEB91B208733DA50010E9CD /* Debug */,
				1DEB91B308733DA50010E9CD /* Release */,
			);
			defaultConfigurationIsVisible = 0;
			defaultConfigurationName = Release;
		};
		6A8EAD270E1ACE4900A90898 /* Build configuration list for PBXNativeTarget "RequestTouch" */ = {
			isa = XCConfigurationList;
			buildConfigurations = (
				6A8EAD250E1ACE4900A90898 /* Debug */,
				6A8EAD260E1ACE4900A90898 /* Release */,
			);
			defaultConfigurationIsVisible = 0;
			defaultConfigurationName = Release;
		};
		6A8EAD3D0E1ACEB500A90898 /* Build configuration list for PBXNativeTarget "LFWebAPIToolbox.a (iPhone)" */ = {
			isa = XCConfigurationList;
			buildConfigurations = (
				6A8EAD330E1ACE9D00A90898 /* Debug */,
				6A8EAD340E1ACE9D00A90898 /* Release */,
			);
			defaultConfigurationIsVisible = 0;
			defaultConfigurationName = Release;
		};
		6AAC89E20E1A644E00CA55AF /* Build configuration list for PBXNativeTarget "HTTPRequestTest" */ = {
			isa = XCConfigurationList;
			buildConfigurations = (
				6AAC89E00E1A644E00CA55AF /* Debug */,
				6AAC89E10E1A644E00CA55AF /* Release */,
			);
			defaultConfigurationIsVisible = 0;
			defaultConfigurationName = Release;
		};
/* End XCConfigurationList section */
	};
	rootObject = 0867D690FE84028FC02AAC07 /* Project object */;
}
